// !$*UTF8*$!
{
	archiveVersion = 1;
	classes = {
	};
	objectVersion = 50;
	objects = {

/* Begin PBXBuildFile section */
		35CB481B21FAC610000D96CF /* ArticleDetailViewController.swift in Sources */ = {isa = PBXBuildFile; fileRef = 35DC0E0221F70AB700F30416 /* ArticleDetailViewController.swift */; };
		35CB481D21FAE7C8000D96CF /* ArticleImageViewController.swift in Sources */ = {isa = PBXBuildFile; fileRef = 35CB481C21FAE7C8000D96CF /* ArticleImageViewController.swift */; };
		35CB482021FB6306000D96CF /* ArticleFeedTableViewCell.swift in Sources */ = {isa = PBXBuildFile; fileRef = 35CB481E21FB6306000D96CF /* ArticleFeedTableViewCell.swift */; };
		35CB482121FB6306000D96CF /* ArticleFeedTableViewCell.xib in Resources */ = {isa = PBXBuildFile; fileRef = 35CB481F21FB6306000D96CF /* ArticleFeedTableViewCell.xib */; };
		35DC0DCF21F6F3C700F30416 /* AppDelegate.swift in Sources */ = {isa = PBXBuildFile; fileRef = 35DC0DCE21F6F3C700F30416 /* AppDelegate.swift */; };
		35DC0DD421F6F3C700F30416 /* Main.storyboard in Resources */ = {isa = PBXBuildFile; fileRef = 35DC0DD221F6F3C700F30416 /* Main.storyboard */; };
		35DC0DD621F6F3CB00F30416 /* Assets.xcassets in Resources */ = {isa = PBXBuildFile; fileRef = 35DC0DD521F6F3CB00F30416 /* Assets.xcassets */; };
		35DC0DD921F6F3CB00F30416 /* LaunchScreen.storyboard in Resources */ = {isa = PBXBuildFile; fileRef = 35DC0DD721F6F3CB00F30416 /* LaunchScreen.storyboard */; };
		35DC0DFF21F6FB3200F30416 /* .swiftlint.yml in Resources */ = {isa = PBXBuildFile; fileRef = 35DC0DFE21F6FB3200F30416 /* .swiftlint.yml */; };
		35DC0E0821F70BBC00F30416 /* ArticleDetail.storyboard in Resources */ = {isa = PBXBuildFile; fileRef = 35DC0E0721F70BBC00F30416 /* ArticleDetail.storyboard */; };
		45A74A72C78EC54DD12F5CA6 /* Pods_tree.framework in Frameworks */ = {isa = PBXBuildFile; fileRef = BF0163F8362378789ACC30D4 /* Pods_tree.framework */; };
		6A0957AC2208490E00D46741 /* Extension+PickerView.swift in Sources */ = {isa = PBXBuildFile; fileRef = 6A0957AB2208490E00D46741 /* Extension+PickerView.swift */; };
		6A0957AE220963B300D46741 /* SearchFilterProtocol.swift in Sources */ = {isa = PBXBuildFile; fileRef = 6A0957AD220963B300D46741 /* SearchFilterProtocol.swift */; };
		6A0C232622114CD400C3629B /* ImageCacheTypeEnum.swift in Sources */ = {isa = PBXBuildFile; fileRef = 6A0C232522114CD400C3629B /* ImageCacheTypeEnum.swift */; };
		6A198CC8220C9F51002421AC /* ArticleTypeEnum.swift in Sources */ = {isa = PBXBuildFile; fileRef = 6A198CC7220C9F51002421AC /* ArticleTypeEnum.swift */; };
		6A198CCA220CAA9A002421AC /* DefaultLabelView.xib in Resources */ = {isa = PBXBuildFile; fileRef = 6A198CC9220CAA9A002421AC /* DefaultLabelView.xib */; };
		6A198CCC220CAAB5002421AC /* DefautLabelView.swift in Sources */ = {isa = PBXBuildFile; fileRef = 6A198CCB220CAAB5002421AC /* DefautLabelView.swift */; };
		6A40D80E22165A9800F06CA6 /* ArticleWebViewController.swift in Sources */ = {isa = PBXBuildFile; fileRef = 6A40D80D22165A9800F06CA6 /* ArticleWebViewController.swift */; };
		6A40D81022168F8900F06CA6 /* ExtractArticle.swift in Sources */ = {isa = PBXBuildFile; fileRef = 6A40D80F22168F8800F06CA6 /* ExtractArticle.swift */; };
		6A40D812221693AD00F06CA6 /* ExtractAPI.swift in Sources */ = {isa = PBXBuildFile; fileRef = 6A40D811221693AD00F06CA6 /* ExtractAPI.swift */; };
		6A40D8142216C56400F06CA6 /* Enum+Languages.swift in Sources */ = {isa = PBXBuildFile; fileRef = 6A40D8132216C56400F06CA6 /* Enum+Languages.swift */; };
		6A40D817221811B300F06CA6 /* Enum+ArticleViewerType.swift in Sources */ = {isa = PBXBuildFile; fileRef = 6A40D816221811B300F06CA6 /* Enum+ArticleViewerType.swift */; };
		6A47BF43220E0638008BEA7A /* EventFeedCell.swift in Sources */ = {isa = PBXBuildFile; fileRef = 6A47BF41220E0638008BEA7A /* EventFeedCell.swift */; };
		6A47BF44220E0638008BEA7A /* EventFeedCell.xib in Resources */ = {isa = PBXBuildFile; fileRef = 6A47BF42220E0638008BEA7A /* EventFeedCell.xib */; };
		6A5D282A22013FA5009EC8ED /* Extension+ImageView.swift in Sources */ = {isa = PBXBuildFile; fileRef = 6A5D282922013FA5009EC8ED /* Extension+ImageView.swift */; };
		6A5D282C220187F8009EC8ED /* Extension+UIView.swift in Sources */ = {isa = PBXBuildFile; fileRef = 6A5D282B220187F8009EC8ED /* Extension+UIView.swift */; };
		6A65DA432203D22B005EB2BC /* LoadingView.xib in Resources */ = {isa = PBXBuildFile; fileRef = 6A65DA422203D22B005EB2BC /* LoadingView.xib */; };
		6A65DA452203D242005EB2BC /* LoadingView.swift in Sources */ = {isa = PBXBuildFile; fileRef = 6A65DA442203D242005EB2BC /* LoadingView.swift */; };
		6A65DA4A2206190C005EB2BC /* ImageCache.swift in Sources */ = {isa = PBXBuildFile; fileRef = 6A65DA492206190C005EB2BC /* ImageCache.swift */; };
		6AE2D7AE21FEF30D00444622 /* Config.swift in Sources */ = {isa = PBXBuildFile; fileRef = 6AE2D7AD21FEF30D00444622 /* Config.swift */; };
		BC19FD13220D94B5006A9C7D /* Enum+TimeIntervalTypes.swift in Sources */ = {isa = PBXBuildFile; fileRef = BC19FD12220D94B5006A9C7D /* Enum+TimeIntervalTypes.swift */; };
		BC19FD15220D965E006A9C7D /* Enum+TimeUnitTypes.swift in Sources */ = {isa = PBXBuildFile; fileRef = BC19FD14220D965E006A9C7D /* Enum+TimeUnitTypes.swift */; };
		BC19FD17220D9D20006A9C7D /* Enum+LocalizedLanguages.swift in Sources */ = {isa = PBXBuildFile; fileRef = BC19FD16220D9D20006A9C7D /* Enum+LocalizedLanguages.swift */; };
		BC2656B021FD94E000003413 /* Extension+URL.swift in Sources */ = {isa = PBXBuildFile; fileRef = BC2656AF21FD94E000003413 /* Extension+URL.swift */; };
		BC2656BD21FD94EE00003413 /* EventRegistryAPI.swift in Sources */ = {isa = PBXBuildFile; fileRef = BC2656B321FD94EE00003413 /* EventRegistryAPI.swift */; };
		BC2656BE21FD94EE00003413 /* APIService.swift in Sources */ = {isa = PBXBuildFile; fileRef = BC2656B521FD94EE00003413 /* APIService.swift */; };
		BC2656BF21FD94EE00003413 /* APIManager.swift in Sources */ = {isa = PBXBuildFile; fileRef = BC2656B621FD94EE00003413 /* APIManager.swift */; };
		BC2656C021FD94EE00003413 /* APICenter.swift in Sources */ = {isa = PBXBuildFile; fileRef = BC2656B721FD94EE00003413 /* APICenter.swift */; };
		BC2656C121FD94EE00003413 /* NetworkResponse.swift in Sources */ = {isa = PBXBuildFile; fileRef = BC2656B921FD94EE00003413 /* NetworkResponse.swift */; };
		BC2656C221FD94EE00003413 /* ParametersEncoder.swift in Sources */ = {isa = PBXBuildFile; fileRef = BC2656BA21FD94EE00003413 /* ParametersEncoder.swift */; };
		BC2656C321FD94EE00003413 /* NetworkResult.swift in Sources */ = {isa = PBXBuildFile; fileRef = BC2656BB21FD94EE00003413 /* NetworkResult.swift */; };
		BC2656C421FD94EE00003413 /* NetworkError.swift in Sources */ = {isa = PBXBuildFile; fileRef = BC2656BC21FD94EE00003413 /* NetworkError.swift */; };
		BC2656C721FD950900003413 /* Articles.swift in Sources */ = {isa = PBXBuildFile; fileRef = BC2656C621FD950900003413 /* Articles.swift */; };
		BC42C038221138C100E0833B /* Enum+HeaderTitles.swift in Sources */ = {isa = PBXBuildFile; fileRef = BC42C037221138C100E0833B /* Enum+HeaderTitles.swift */; };
		BC42C07A22128DEB00E0833B /* EventPageView.swift in Sources */ = {isa = PBXBuildFile; fileRef = BC42C07922128DEB00E0833B /* EventPageView.swift */; };
		BC42C07C22128DFE00E0833B /* EventPageView.xib in Resources */ = {isa = PBXBuildFile; fileRef = BC42C07B22128DFE00E0833B /* EventPageView.xib */; };
		BC42C07F22129C4700E0833B /* EventHeaderCell.swift in Sources */ = {isa = PBXBuildFile; fileRef = BC42C07D22129C4700E0833B /* EventHeaderCell.swift */; };
		BC42C08022129C4700E0833B /* EventHeaderCell.xib in Resources */ = {isa = PBXBuildFile; fileRef = BC42C07E22129C4700E0833B /* EventHeaderCell.xib */; };
		BC42C0822212EE1A00E0833B /* Events.swift in Sources */ = {isa = PBXBuildFile; fileRef = BC42C0812212EE1A00E0833B /* Events.swift */; };
		BC42C08A2215C78900E0833B /* CategoryEvents.swift in Sources */ = {isa = PBXBuildFile; fileRef = BC42C0892215C78900E0833B /* CategoryEvents.swift */; };
		BC5D4E41220B1D17000465B0 /* KeywordDetailGraphCell.swift in Sources */ = {isa = PBXBuildFile; fileRef = BC5D4E3F220B1D17000465B0 /* KeywordDetailGraphCell.swift */; };
		BC5D4E42220B1D17000465B0 /* KeywordDetailGraphCell.xib in Resources */ = {isa = PBXBuildFile; fileRef = BC5D4E40220B1D17000465B0 /* KeywordDetailGraphCell.xib */; };
		BC5D4E4A220B23C8000465B0 /* Graph.swift in Sources */ = {isa = PBXBuildFile; fileRef = BC5D4E49220B23C8000465B0 /* Graph.swift */; };
		BC5D4E4C220B531D000465B0 /* KeywordDetailViewController.swift in Sources */ = {isa = PBXBuildFile; fileRef = BC5D4E4B220B531D000465B0 /* KeywordDetailViewController.swift */; };
		BC5D4E4E220B730F000465B0 /* GraphView.swift in Sources */ = {isa = PBXBuildFile; fileRef = BC5D4E4D220B730F000465B0 /* GraphView.swift */; };
		BC5D4E50220C247F000465B0 /* NaverAPI.swift in Sources */ = {isa = PBXBuildFile; fileRef = BC5D4E4F220C247E000465B0 /* NaverAPI.swift */; };
		BC63852C2206CBF200074CF3 /* Enum+Countries.swift in Sources */ = {isa = PBXBuildFile; fileRef = BC63852B2206CBF200074CF3 /* Enum+Countries.swift */; };
		BC63852E2207442B00074CF3 /* Extension+Notification.swift in Sources */ = {isa = PBXBuildFile; fileRef = BC63852D2207442B00074CF3 /* Extension+Notification.swift */; };
		BC649BA2220F5EFA0032ACF2 /* KeywordDetailArticleCell.swift in Sources */ = {isa = PBXBuildFile; fileRef = BC649BA0220F5EFA0032ACF2 /* KeywordDetailArticleCell.swift */; };
		BC649BA3220F5EFA0032ACF2 /* KeywordDetailArticleCell.xib in Resources */ = {isa = PBXBuildFile; fileRef = BC649BA1220F5EFA0032ACF2 /* KeywordDetailArticleCell.xib */; };
		BC649BA8220F68230032ACF2 /* HTMLDecodable.swift in Sources */ = {isa = PBXBuildFile; fileRef = BC649BA7220F68230032ACF2 /* HTMLDecodable.swift */; };
		BC7969B922002E620003F520 /* TrendDays.swift in Sources */ = {isa = PBXBuildFile; fileRef = BC7969B822002E620003F520 /* TrendDays.swift */; };
		BC7969BC22002EB20003F520 /* Live.storyboard in Resources */ = {isa = PBXBuildFile; fileRef = BC7969BB22002EB20003F520 /* Live.storyboard */; };
		BC7969BF22002EC30003F520 /* LiveViewController.swift in Sources */ = {isa = PBXBuildFile; fileRef = BC7969BE22002EC30003F520 /* LiveViewController.swift */; };
		BC7969C122002F440003F520 /* GoogleTrendAPI.swift in Sources */ = {isa = PBXBuildFile; fileRef = BC7969C022002F440003F520 /* GoogleTrendAPI.swift */; };
		BC7969C52200AD0E0003F520 /* TrendPageView.swift in Sources */ = {isa = PBXBuildFile; fileRef = BC7969C42200AD0E0003F520 /* TrendPageView.swift */; };
		BC7969C72200AD190003F520 /* TrendPageView.xib in Resources */ = {isa = PBXBuildFile; fileRef = BC7969C62200AD190003F520 /* TrendPageView.xib */; };
		BC7969D3220174B40003F520 /* TrendListCell.swift in Sources */ = {isa = PBXBuildFile; fileRef = BC7969D1220174B40003F520 /* TrendListCell.swift */; };
		BC7969D4220174B40003F520 /* TrendListCell.xib in Resources */ = {isa = PBXBuildFile; fileRef = BC7969D2220174B40003F520 /* TrendListCell.xib */; };
		BC9E02AA2202EBFD00ADD1D5 /* TrendListHeaderCell.swift in Sources */ = {isa = PBXBuildFile; fileRef = BC9E02A82202EBFD00ADD1D5 /* TrendListHeaderCell.swift */; };
		BC9E02AB2202EBFD00ADD1D5 /* TrendListHeaderCell.xib in Resources */ = {isa = PBXBuildFile; fileRef = BC9E02A92202EBFD00ADD1D5 /* TrendListHeaderCell.xib */; };
		BCD1BB2622057CF800F9C8A8 /* TableViewCell+Animator.swift in Sources */ = {isa = PBXBuildFile; fileRef = BCD1BB2522057CF800F9C8A8 /* TableViewCell+Animator.swift */; };
		BCDB9E272205A1040095E4E4 /* TrendHeaderCell.swift in Sources */ = {isa = PBXBuildFile; fileRef = BCDB9E252205A1040095E4E4 /* TrendHeaderCell.swift */; };
		BCDB9E282205A1040095E4E4 /* TrendHeaderCell.xib in Resources */ = {isa = PBXBuildFile; fileRef = BCDB9E262205A1040095E4E4 /* TrendHeaderCell.xib */; };
		BCE1B8B6221723230098B3B8 /* Enum+FatalError.swift in Sources */ = {isa = PBXBuildFile; fileRef = BCE1B8B5221723230098B3B8 /* Enum+FatalError.swift */; };
		BCE1B8B82217E43F0098B3B8 /* NibName.swift in Sources */ = {isa = PBXBuildFile; fileRef = BCE1B8B72217E43F0098B3B8 /* NibName.swift */; };
		D90C6A122214868100196333 /* Extension+UITableViewDelegate.swift in Sources */ = {isa = PBXBuildFile; fileRef = D90C6A112214868100196333 /* Extension+UITableViewDelegate.swift */; };
		D9C6AB3D21FA9B3E001C0AB8 /* Extension+UIColor.swift in Sources */ = {isa = PBXBuildFile; fileRef = D9C6AB3721FA9B3E001C0AB8 /* Extension+UIColor.swift */; };
		D9C6AB4421FA9CF8001C0AB8 /* Search.storyboard in Resources */ = {isa = PBXBuildFile; fileRef = D9C6AB4321FA9CF8001C0AB8 /* Search.storyboard */; };
		D9C6AB4D21FAAD0A001C0AB8 /* SearchViewController.swift in Sources */ = {isa = PBXBuildFile; fileRef = D9C6AB4A21FAAD09001C0AB8 /* SearchViewController.swift */; };
		D9C6AB4E21FAAD0A001C0AB8 /* MainViewController.swift in Sources */ = {isa = PBXBuildFile; fileRef = D9C6AB4C21FAAD09001C0AB8 /* MainViewController.swift */; };
		D9C6AB5D21FC152D001C0AB8 /* SearchScrollEnum.swift in Sources */ = {isa = PBXBuildFile; fileRef = D9C6AB5C21FC152D001C0AB8 /* SearchScrollEnum.swift */; };
		D9C6AB8021FED9F7001C0AB8 /* PresentationController.swift in Sources */ = {isa = PBXBuildFile; fileRef = D9C6AB7F21FED9F7001C0AB8 /* PresentationController.swift */; };
		D9C6AB8221FEDB08001C0AB8 /* PresentationManager.swift in Sources */ = {isa = PBXBuildFile; fileRef = D9C6AB8121FEDB08001C0AB8 /* PresentationManager.swift */; };
		D9C6AB8421FEE6B4001C0AB8 /* SearchFilterViewController.swift in Sources */ = {isa = PBXBuildFile; fileRef = D9C6AB8321FEE6B4001C0AB8 /* SearchFilterViewController.swift */; };
		D9D145BF220B0B6A00CC58DA /* ScrapViewController.swift in Sources */ = {isa = PBXBuildFile; fileRef = D9D145BD220B0B6800CC58DA /* ScrapViewController.swift */; };
		D9D145C0220B0B6A00CC58DA /* ScrapTabBarController.swift in Sources */ = {isa = PBXBuildFile; fileRef = D9D145BE220B0B6800CC58DA /* ScrapTabBarController.swift */; };
		D9D145C3220B0B7800CC58DA /* TreeData.xcdatamodeld in Sources */ = {isa = PBXBuildFile; fileRef = D9D145C1220B0B7800CC58DA /* TreeData.xcdatamodeld */; };
		D9D145CA220B0B8400CC58DA /* ScrapService.swift in Sources */ = {isa = PBXBuildFile; fileRef = D9D145C5220B0B8400CC58DA /* ScrapService.swift */; };
		D9D145CB220B0B8400CC58DA /* ScrapManager.swift in Sources */ = {isa = PBXBuildFile; fileRef = D9D145C6220B0B8400CC58DA /* ScrapManager.swift */; };
		D9D145CC220B0B8400CC58DA /* ScrappedArticle+CoreDataClass.swift in Sources */ = {isa = PBXBuildFile; fileRef = D9D145C8220B0B8400CC58DA /* ScrappedArticle+CoreDataClass.swift */; };
		D9D145CD220B0B8400CC58DA /* ScrappedArticle+CoreDataProperties.swift in Sources */ = {isa = PBXBuildFile; fileRef = D9D145C9220B0B8400CC58DA /* ScrappedArticle+CoreDataProperties.swift */; };
		D9DFFB41220EEA3E0047E326 /* ScrapFilterViewController.swift in Sources */ = {isa = PBXBuildFile; fileRef = D9DFFB40220EEA3E0047E326 /* ScrapFilterViewController.swift */; };
		D9DFFB45220EEA7F0047E326 /* ScrapFilterTableViewCell.swift in Sources */ = {isa = PBXBuildFile; fileRef = D9DFFB42220EEA7E0047E326 /* ScrapFilterTableViewCell.swift */; };
		D9DFFB46220EEA7F0047E326 /* ScrapFilterTableViewCell.xib in Resources */ = {isa = PBXBuildFile; fileRef = D9DFFB43220EEA7E0047E326 /* ScrapFilterTableViewCell.xib */; };
		D9DFFB47220EEA7F0047E326 /* ScrapFilter.storyboard in Resources */ = {isa = PBXBuildFile; fileRef = D9DFFB44220EEA7F0047E326 /* ScrapFilter.storyboard */; };
		D9DFFB49220EEA990047E326 /* Scrap.storyboard in Resources */ = {isa = PBXBuildFile; fileRef = D9DFFB48220EEA990047E326 /* Scrap.storyboard */; };
		D9DFFB4B220EEADC0047E326 /* ScrapFilterDelegate.swift in Sources */ = {isa = PBXBuildFile; fileRef = D9DFFB4A220EEADC0047E326 /* ScrapFilterDelegate.swift */; };
/* End PBXBuildFile section */

/* Begin PBXFileReference section */
		35CB481C21FAE7C8000D96CF /* ArticleImageViewController.swift */ = {isa = PBXFileReference; lastKnownFileType = sourcecode.swift; path = ArticleImageViewController.swift; sourceTree = "<group>"; };
		35CB481E21FB6306000D96CF /* ArticleFeedTableViewCell.swift */ = {isa = PBXFileReference; lastKnownFileType = sourcecode.swift; path = ArticleFeedTableViewCell.swift; sourceTree = "<group>"; };
		35CB481F21FB6306000D96CF /* ArticleFeedTableViewCell.xib */ = {isa = PBXFileReference; lastKnownFileType = file.xib; path = ArticleFeedTableViewCell.xib; sourceTree = "<group>"; };
		35DC0DCB21F6F3C700F30416 /* tree.app */ = {isa = PBXFileReference; explicitFileType = wrapper.application; includeInIndex = 0; path = tree.app; sourceTree = BUILT_PRODUCTS_DIR; };
		35DC0DCE21F6F3C700F30416 /* AppDelegate.swift */ = {isa = PBXFileReference; lastKnownFileType = sourcecode.swift; path = AppDelegate.swift; sourceTree = "<group>"; };
		35DC0DD321F6F3C700F30416 /* Base */ = {isa = PBXFileReference; lastKnownFileType = file.storyboard; name = Base; path = Base.lproj/Main.storyboard; sourceTree = "<group>"; };
		35DC0DD521F6F3CB00F30416 /* Assets.xcassets */ = {isa = PBXFileReference; lastKnownFileType = folder.assetcatalog; path = Assets.xcassets; sourceTree = "<group>"; };
		35DC0DD821F6F3CB00F30416 /* Base */ = {isa = PBXFileReference; lastKnownFileType = file.storyboard; name = Base; path = Base.lproj/LaunchScreen.storyboard; sourceTree = "<group>"; };
		35DC0DDA21F6F3CB00F30416 /* Info.plist */ = {isa = PBXFileReference; lastKnownFileType = text.plist.xml; path = Info.plist; sourceTree = "<group>"; };
		35DC0DFE21F6FB3200F30416 /* .swiftlint.yml */ = {isa = PBXFileReference; lastKnownFileType = text; path = .swiftlint.yml; sourceTree = "<group>"; };
		35DC0E0221F70AB700F30416 /* ArticleDetailViewController.swift */ = {isa = PBXFileReference; lastKnownFileType = sourcecode.swift; path = ArticleDetailViewController.swift; sourceTree = "<group>"; };
		35DC0E0721F70BBC00F30416 /* ArticleDetail.storyboard */ = {isa = PBXFileReference; lastKnownFileType = file.storyboard; path = ArticleDetail.storyboard; sourceTree = "<group>"; };
		6A0957AB2208490E00D46741 /* Extension+PickerView.swift */ = {isa = PBXFileReference; lastKnownFileType = sourcecode.swift; path = "Extension+PickerView.swift"; sourceTree = "<group>"; };
		6A0957AD220963B300D46741 /* SearchFilterProtocol.swift */ = {isa = PBXFileReference; lastKnownFileType = sourcecode.swift; path = SearchFilterProtocol.swift; sourceTree = "<group>"; };
		6A0C232522114CD400C3629B /* ImageCacheTypeEnum.swift */ = {isa = PBXFileReference; lastKnownFileType = sourcecode.swift; path = ImageCacheTypeEnum.swift; sourceTree = "<group>"; };
		6A198CC7220C9F51002421AC /* ArticleTypeEnum.swift */ = {isa = PBXFileReference; lastKnownFileType = sourcecode.swift; path = ArticleTypeEnum.swift; sourceTree = "<group>"; };
		6A198CC9220CAA9A002421AC /* DefaultLabelView.xib */ = {isa = PBXFileReference; lastKnownFileType = file.xib; path = DefaultLabelView.xib; sourceTree = "<group>"; };
		6A198CCB220CAAB5002421AC /* DefautLabelView.swift */ = {isa = PBXFileReference; lastKnownFileType = sourcecode.swift; path = DefautLabelView.swift; sourceTree = "<group>"; };
		6A40D80D22165A9800F06CA6 /* ArticleWebViewController.swift */ = {isa = PBXFileReference; lastKnownFileType = sourcecode.swift; path = ArticleWebViewController.swift; sourceTree = "<group>"; };
		6A40D80F22168F8800F06CA6 /* ExtractArticle.swift */ = {isa = PBXFileReference; lastKnownFileType = sourcecode.swift; path = ExtractArticle.swift; sourceTree = "<group>"; };
		6A40D811221693AD00F06CA6 /* ExtractAPI.swift */ = {isa = PBXFileReference; lastKnownFileType = sourcecode.swift; path = ExtractAPI.swift; sourceTree = "<group>"; };
		6A40D8132216C56400F06CA6 /* Enum+Languages.swift */ = {isa = PBXFileReference; lastKnownFileType = sourcecode.swift; path = "Enum+Languages.swift"; sourceTree = "<group>"; };
		6A40D816221811B300F06CA6 /* Enum+ArticleViewerType.swift */ = {isa = PBXFileReference; lastKnownFileType = sourcecode.swift; path = "Enum+ArticleViewerType.swift"; sourceTree = "<group>"; };
		6A47BF41220E0638008BEA7A /* EventFeedCell.swift */ = {isa = PBXFileReference; lastKnownFileType = sourcecode.swift; path = EventFeedCell.swift; sourceTree = "<group>"; };
		6A47BF42220E0638008BEA7A /* EventFeedCell.xib */ = {isa = PBXFileReference; lastKnownFileType = file.xib; path = EventFeedCell.xib; sourceTree = "<group>"; };
		6A5D282922013FA5009EC8ED /* Extension+ImageView.swift */ = {isa = PBXFileReference; lastKnownFileType = sourcecode.swift; path = "Extension+ImageView.swift"; sourceTree = "<group>"; };
		6A5D282B220187F8009EC8ED /* Extension+UIView.swift */ = {isa = PBXFileReference; lastKnownFileType = sourcecode.swift; path = "Extension+UIView.swift"; sourceTree = "<group>"; };
		6A65DA422203D22B005EB2BC /* LoadingView.xib */ = {isa = PBXFileReference; lastKnownFileType = file.xib; path = LoadingView.xib; sourceTree = "<group>"; };
		6A65DA442203D242005EB2BC /* LoadingView.swift */ = {isa = PBXFileReference; lastKnownFileType = sourcecode.swift; path = LoadingView.swift; sourceTree = "<group>"; };
		6A65DA492206190C005EB2BC /* ImageCache.swift */ = {isa = PBXFileReference; lastKnownFileType = sourcecode.swift; path = ImageCache.swift; sourceTree = "<group>"; };
		6AE2D7AD21FEF30D00444622 /* Config.swift */ = {isa = PBXFileReference; fileEncoding = 4; lastKnownFileType = sourcecode.swift; path = Config.swift; sourceTree = "<group>"; };
		8965743E41477F79773392B1 /* Pods-tree.debug.xcconfig */ = {isa = PBXFileReference; includeInIndex = 1; lastKnownFileType = text.xcconfig; name = "Pods-tree.debug.xcconfig"; path = "Pods/Target Support Files/Pods-tree/Pods-tree.debug.xcconfig"; sourceTree = "<group>"; };
		9833F533FEAC2BBB2BE859BF /* Pods-tree.release.xcconfig */ = {isa = PBXFileReference; includeInIndex = 1; lastKnownFileType = text.xcconfig; name = "Pods-tree.release.xcconfig"; path = "Pods/Target Support Files/Pods-tree/Pods-tree.release.xcconfig"; sourceTree = "<group>"; };
		BC19FD12220D94B5006A9C7D /* Enum+TimeIntervalTypes.swift */ = {isa = PBXFileReference; lastKnownFileType = sourcecode.swift; path = "Enum+TimeIntervalTypes.swift"; sourceTree = "<group>"; };
		BC19FD14220D965E006A9C7D /* Enum+TimeUnitTypes.swift */ = {isa = PBXFileReference; lastKnownFileType = sourcecode.swift; path = "Enum+TimeUnitTypes.swift"; sourceTree = "<group>"; };
		BC19FD16220D9D20006A9C7D /* Enum+LocalizedLanguages.swift */ = {isa = PBXFileReference; lastKnownFileType = sourcecode.swift; path = "Enum+LocalizedLanguages.swift"; sourceTree = "<group>"; };
		BC2656AF21FD94E000003413 /* Extension+URL.swift */ = {isa = PBXFileReference; fileEncoding = 4; lastKnownFileType = sourcecode.swift; path = "Extension+URL.swift"; sourceTree = "<group>"; };
		BC2656B321FD94EE00003413 /* EventRegistryAPI.swift */ = {isa = PBXFileReference; fileEncoding = 4; lastKnownFileType = sourcecode.swift; path = EventRegistryAPI.swift; sourceTree = "<group>"; };
		BC2656B521FD94EE00003413 /* APIService.swift */ = {isa = PBXFileReference; fileEncoding = 4; lastKnownFileType = sourcecode.swift; path = APIService.swift; sourceTree = "<group>"; };
		BC2656B621FD94EE00003413 /* APIManager.swift */ = {isa = PBXFileReference; fileEncoding = 4; lastKnownFileType = sourcecode.swift; path = APIManager.swift; sourceTree = "<group>"; };
		BC2656B721FD94EE00003413 /* APICenter.swift */ = {isa = PBXFileReference; fileEncoding = 4; lastKnownFileType = sourcecode.swift; path = APICenter.swift; sourceTree = "<group>"; };
		BC2656B921FD94EE00003413 /* NetworkResponse.swift */ = {isa = PBXFileReference; fileEncoding = 4; lastKnownFileType = sourcecode.swift; path = NetworkResponse.swift; sourceTree = "<group>"; };
		BC2656BA21FD94EE00003413 /* ParametersEncoder.swift */ = {isa = PBXFileReference; fileEncoding = 4; lastKnownFileType = sourcecode.swift; path = ParametersEncoder.swift; sourceTree = "<group>"; };
		BC2656BB21FD94EE00003413 /* NetworkResult.swift */ = {isa = PBXFileReference; fileEncoding = 4; lastKnownFileType = sourcecode.swift; path = NetworkResult.swift; sourceTree = "<group>"; };
		BC2656BC21FD94EE00003413 /* NetworkError.swift */ = {isa = PBXFileReference; fileEncoding = 4; lastKnownFileType = sourcecode.swift; path = NetworkError.swift; sourceTree = "<group>"; };
		BC2656C621FD950900003413 /* Articles.swift */ = {isa = PBXFileReference; fileEncoding = 4; lastKnownFileType = sourcecode.swift; path = Articles.swift; sourceTree = "<group>"; };
		BC42C037221138C100E0833B /* Enum+HeaderTitles.swift */ = {isa = PBXFileReference; lastKnownFileType = sourcecode.swift; path = "Enum+HeaderTitles.swift"; sourceTree = "<group>"; };
		BC42C07922128DEB00E0833B /* EventPageView.swift */ = {isa = PBXFileReference; lastKnownFileType = sourcecode.swift; path = EventPageView.swift; sourceTree = "<group>"; };
		BC42C07B22128DFE00E0833B /* EventPageView.xib */ = {isa = PBXFileReference; lastKnownFileType = file.xib; path = EventPageView.xib; sourceTree = "<group>"; };
		BC42C07D22129C4700E0833B /* EventHeaderCell.swift */ = {isa = PBXFileReference; lastKnownFileType = sourcecode.swift; path = EventHeaderCell.swift; sourceTree = "<group>"; };
		BC42C07E22129C4700E0833B /* EventHeaderCell.xib */ = {isa = PBXFileReference; lastKnownFileType = file.xib; path = EventHeaderCell.xib; sourceTree = "<group>"; };
		BC42C0812212EE1A00E0833B /* Events.swift */ = {isa = PBXFileReference; lastKnownFileType = sourcecode.swift; path = Events.swift; sourceTree = "<group>"; };
		BC42C0892215C78900E0833B /* CategoryEvents.swift */ = {isa = PBXFileReference; lastKnownFileType = sourcecode.swift; path = CategoryEvents.swift; sourceTree = "<group>"; };
		BC5D4E3F220B1D17000465B0 /* KeywordDetailGraphCell.swift */ = {isa = PBXFileReference; lastKnownFileType = sourcecode.swift; path = KeywordDetailGraphCell.swift; sourceTree = "<group>"; };
		BC5D4E40220B1D17000465B0 /* KeywordDetailGraphCell.xib */ = {isa = PBXFileReference; lastKnownFileType = file.xib; path = KeywordDetailGraphCell.xib; sourceTree = "<group>"; };
		BC5D4E49220B23C8000465B0 /* Graph.swift */ = {isa = PBXFileReference; lastKnownFileType = sourcecode.swift; path = Graph.swift; sourceTree = "<group>"; };
		BC5D4E4B220B531D000465B0 /* KeywordDetailViewController.swift */ = {isa = PBXFileReference; lastKnownFileType = sourcecode.swift; path = KeywordDetailViewController.swift; sourceTree = "<group>"; };
		BC5D4E4D220B730F000465B0 /* GraphView.swift */ = {isa = PBXFileReference; lastKnownFileType = sourcecode.swift; path = GraphView.swift; sourceTree = "<group>"; };
		BC5D4E4F220C247E000465B0 /* NaverAPI.swift */ = {isa = PBXFileReference; lastKnownFileType = sourcecode.swift; path = NaverAPI.swift; sourceTree = "<group>"; };
		BC63852B2206CBF200074CF3 /* Enum+Countries.swift */ = {isa = PBXFileReference; lastKnownFileType = sourcecode.swift; path = "Enum+Countries.swift"; sourceTree = "<group>"; };
		BC63852D2207442B00074CF3 /* Extension+Notification.swift */ = {isa = PBXFileReference; lastKnownFileType = sourcecode.swift; path = "Extension+Notification.swift"; sourceTree = "<group>"; };
		BC649BA0220F5EFA0032ACF2 /* KeywordDetailArticleCell.swift */ = {isa = PBXFileReference; lastKnownFileType = sourcecode.swift; path = KeywordDetailArticleCell.swift; sourceTree = "<group>"; };
		BC649BA1220F5EFA0032ACF2 /* KeywordDetailArticleCell.xib */ = {isa = PBXFileReference; lastKnownFileType = file.xib; path = KeywordDetailArticleCell.xib; sourceTree = "<group>"; };
		BC649BA7220F68230032ACF2 /* HTMLDecodable.swift */ = {isa = PBXFileReference; lastKnownFileType = sourcecode.swift; path = HTMLDecodable.swift; sourceTree = "<group>"; };
		BC7969B822002E620003F520 /* TrendDays.swift */ = {isa = PBXFileReference; lastKnownFileType = sourcecode.swift; path = TrendDays.swift; sourceTree = "<group>"; };
		BC7969BB22002EB20003F520 /* Live.storyboard */ = {isa = PBXFileReference; lastKnownFileType = file.storyboard; path = Live.storyboard; sourceTree = "<group>"; };
		BC7969BE22002EC30003F520 /* LiveViewController.swift */ = {isa = PBXFileReference; lastKnownFileType = sourcecode.swift; path = LiveViewController.swift; sourceTree = "<group>"; };
		BC7969C022002F440003F520 /* GoogleTrendAPI.swift */ = {isa = PBXFileReference; lastKnownFileType = sourcecode.swift; path = GoogleTrendAPI.swift; sourceTree = "<group>"; };
		BC7969C42200AD0E0003F520 /* TrendPageView.swift */ = {isa = PBXFileReference; lastKnownFileType = sourcecode.swift; path = TrendPageView.swift; sourceTree = "<group>"; };
		BC7969C62200AD190003F520 /* TrendPageView.xib */ = {isa = PBXFileReference; lastKnownFileType = file.xib; path = TrendPageView.xib; sourceTree = "<group>"; };
		BC7969D1220174B40003F520 /* TrendListCell.swift */ = {isa = PBXFileReference; lastKnownFileType = sourcecode.swift; path = TrendListCell.swift; sourceTree = "<group>"; };
		BC7969D2220174B40003F520 /* TrendListCell.xib */ = {isa = PBXFileReference; lastKnownFileType = file.xib; path = TrendListCell.xib; sourceTree = "<group>"; };
		BC9E02A82202EBFD00ADD1D5 /* TrendListHeaderCell.swift */ = {isa = PBXFileReference; lastKnownFileType = sourcecode.swift; path = TrendListHeaderCell.swift; sourceTree = "<group>"; };
		BC9E02A92202EBFD00ADD1D5 /* TrendListHeaderCell.xib */ = {isa = PBXFileReference; lastKnownFileType = file.xib; path = TrendListHeaderCell.xib; sourceTree = "<group>"; };
		BCD1BB2522057CF800F9C8A8 /* TableViewCell+Animator.swift */ = {isa = PBXFileReference; lastKnownFileType = sourcecode.swift; path = "TableViewCell+Animator.swift"; sourceTree = "<group>"; };
		BCDB9E252205A1040095E4E4 /* TrendHeaderCell.swift */ = {isa = PBXFileReference; lastKnownFileType = sourcecode.swift; path = TrendHeaderCell.swift; sourceTree = "<group>"; };
		BCDB9E262205A1040095E4E4 /* TrendHeaderCell.xib */ = {isa = PBXFileReference; lastKnownFileType = file.xib; path = TrendHeaderCell.xib; sourceTree = "<group>"; };
		BCE1B8B5221723230098B3B8 /* Enum+FatalError.swift */ = {isa = PBXFileReference; lastKnownFileType = sourcecode.swift; path = "Enum+FatalError.swift"; sourceTree = "<group>"; };
		BCE1B8B72217E43F0098B3B8 /* NibName.swift */ = {isa = PBXFileReference; lastKnownFileType = sourcecode.swift; path = NibName.swift; sourceTree = "<group>"; };
		BF0163F8362378789ACC30D4 /* Pods_tree.framework */ = {isa = PBXFileReference; explicitFileType = wrapper.framework; includeInIndex = 0; path = Pods_tree.framework; sourceTree = BUILT_PRODUCTS_DIR; };
		D90C6A112214868100196333 /* Extension+UITableViewDelegate.swift */ = {isa = PBXFileReference; lastKnownFileType = sourcecode.swift; path = "Extension+UITableViewDelegate.swift"; sourceTree = "<group>"; };
		D9C6AB3721FA9B3E001C0AB8 /* Extension+UIColor.swift */ = {isa = PBXFileReference; fileEncoding = 4; lastKnownFileType = sourcecode.swift; path = "Extension+UIColor.swift"; sourceTree = "<group>"; };
		D9C6AB4321FA9CF8001C0AB8 /* Search.storyboard */ = {isa = PBXFileReference; fileEncoding = 4; lastKnownFileType = file.storyboard; path = Search.storyboard; sourceTree = "<group>"; };
		D9C6AB4A21FAAD09001C0AB8 /* SearchViewController.swift */ = {isa = PBXFileReference; fileEncoding = 4; lastKnownFileType = sourcecode.swift; path = SearchViewController.swift; sourceTree = "<group>"; };
		D9C6AB4C21FAAD09001C0AB8 /* MainViewController.swift */ = {isa = PBXFileReference; fileEncoding = 4; lastKnownFileType = sourcecode.swift; path = MainViewController.swift; sourceTree = "<group>"; };
		D9C6AB5C21FC152D001C0AB8 /* SearchScrollEnum.swift */ = {isa = PBXFileReference; lastKnownFileType = sourcecode.swift; path = SearchScrollEnum.swift; sourceTree = "<group>"; };
		D9C6AB7F21FED9F7001C0AB8 /* PresentationController.swift */ = {isa = PBXFileReference; lastKnownFileType = sourcecode.swift; path = PresentationController.swift; sourceTree = "<group>"; };
		D9C6AB8121FEDB08001C0AB8 /* PresentationManager.swift */ = {isa = PBXFileReference; lastKnownFileType = sourcecode.swift; path = PresentationManager.swift; sourceTree = "<group>"; };
		D9C6AB8321FEE6B4001C0AB8 /* SearchFilterViewController.swift */ = {isa = PBXFileReference; lastKnownFileType = sourcecode.swift; path = SearchFilterViewController.swift; sourceTree = "<group>"; };
		D9D145BD220B0B6800CC58DA /* ScrapViewController.swift */ = {isa = PBXFileReference; fileEncoding = 4; lastKnownFileType = sourcecode.swift; path = ScrapViewController.swift; sourceTree = "<group>"; };
		D9D145BE220B0B6800CC58DA /* ScrapTabBarController.swift */ = {isa = PBXFileReference; fileEncoding = 4; lastKnownFileType = sourcecode.swift; path = ScrapTabBarController.swift; sourceTree = "<group>"; };
		D9D145C2220B0B7800CC58DA /* TreeData.xcdatamodel */ = {isa = PBXFileReference; lastKnownFileType = wrapper.xcdatamodel; path = TreeData.xcdatamodel; sourceTree = "<group>"; };
		D9D145C5220B0B8400CC58DA /* ScrapService.swift */ = {isa = PBXFileReference; fileEncoding = 4; lastKnownFileType = sourcecode.swift; path = ScrapService.swift; sourceTree = "<group>"; };
		D9D145C6220B0B8400CC58DA /* ScrapManager.swift */ = {isa = PBXFileReference; fileEncoding = 4; lastKnownFileType = sourcecode.swift; path = ScrapManager.swift; sourceTree = "<group>"; };
		D9D145C8220B0B8400CC58DA /* ScrappedArticle+CoreDataClass.swift */ = {isa = PBXFileReference; fileEncoding = 4; lastKnownFileType = sourcecode.swift; path = "ScrappedArticle+CoreDataClass.swift"; sourceTree = "<group>"; };
		D9D145C9220B0B8400CC58DA /* ScrappedArticle+CoreDataProperties.swift */ = {isa = PBXFileReference; fileEncoding = 4; lastKnownFileType = sourcecode.swift; path = "ScrappedArticle+CoreDataProperties.swift"; sourceTree = "<group>"; };
		D9DFFB40220EEA3E0047E326 /* ScrapFilterViewController.swift */ = {isa = PBXFileReference; fileEncoding = 4; lastKnownFileType = sourcecode.swift; path = ScrapFilterViewController.swift; sourceTree = "<group>"; };
		D9DFFB42220EEA7E0047E326 /* ScrapFilterTableViewCell.swift */ = {isa = PBXFileReference; fileEncoding = 4; lastKnownFileType = sourcecode.swift; path = ScrapFilterTableViewCell.swift; sourceTree = "<group>"; };
		D9DFFB43220EEA7E0047E326 /* ScrapFilterTableViewCell.xib */ = {isa = PBXFileReference; fileEncoding = 4; lastKnownFileType = file.xib; path = ScrapFilterTableViewCell.xib; sourceTree = "<group>"; };
		D9DFFB44220EEA7F0047E326 /* ScrapFilter.storyboard */ = {isa = PBXFileReference; fileEncoding = 4; lastKnownFileType = file.storyboard; path = ScrapFilter.storyboard; sourceTree = "<group>"; };
		D9DFFB48220EEA990047E326 /* Scrap.storyboard */ = {isa = PBXFileReference; fileEncoding = 4; lastKnownFileType = file.storyboard; path = Scrap.storyboard; sourceTree = "<group>"; };
		D9DFFB4A220EEADC0047E326 /* ScrapFilterDelegate.swift */ = {isa = PBXFileReference; fileEncoding = 4; lastKnownFileType = sourcecode.swift; name = ScrapFilterDelegate.swift; path = tree/Helper/ScrapFilterDelegate.swift; sourceTree = SOURCE_ROOT; };
/* End PBXFileReference section */

/* Begin PBXFrameworksBuildPhase section */
		35DC0DC821F6F3C700F30416 /* Frameworks */ = {
			isa = PBXFrameworksBuildPhase;
			buildActionMask = 2147483647;
			files = (
				45A74A72C78EC54DD12F5CA6 /* Pods_tree.framework in Frameworks */,
			);
			runOnlyForDeploymentPostprocessing = 0;
		};
/* End PBXFrameworksBuildPhase section */

/* Begin PBXGroup section */
		2D4B42C94B5BA86EDCCB8E9D /* Pods */ = {
			isa = PBXGroup;
			children = (
				8965743E41477F79773392B1 /* Pods-tree.debug.xcconfig */,
				9833F533FEAC2BBB2BE859BF /* Pods-tree.release.xcconfig */,
			);
			name = Pods;
			sourceTree = "<group>";
		};
		35DC0DC221F6F3C700F30416 = {
			isa = PBXGroup;
			children = (
				35DC0DCD21F6F3C700F30416 /* tree */,
				35DC0DCC21F6F3C700F30416 /* Products */,
				2D4B42C94B5BA86EDCCB8E9D /* Pods */,
				968D39AD37EEED1A9F7CF6F0 /* Frameworks */,
			);
			sourceTree = "<group>";
		};
		35DC0DCC21F6F3C700F30416 /* Products */ = {
			isa = PBXGroup;
			children = (
				35DC0DCB21F6F3C700F30416 /* tree.app */,
			);
			name = Products;
			sourceTree = "<group>";
		};
		35DC0DCD21F6F3C700F30416 /* tree */ = {
			isa = PBXGroup;
			children = (
				6AE2D7AC21FEF30D00444622 /* Config */,
				BC2656C521FD950900003413 /* Model */,
				BC2656B121FD94EE00003413 /* Network Layer */,
				D9C6AB3F21FA9CB4001C0AB8 /* View */,
				D9C6AB4821FAAD09001C0AB8 /* Controller */,
				D9C6AB3621FA9B3E001C0AB8 /* Extension */,
				D9C6AB5B21FC151C001C0AB8 /* Helper */,
				BC649BA6220F68110032ACF2 /* Protocol */,
				35DC0DCE21F6F3C700F30416 /* AppDelegate.swift */,
				35DC0DD221F6F3C700F30416 /* Main.storyboard */,
				35DC0DD521F6F3CB00F30416 /* Assets.xcassets */,
				35DC0DD721F6F3CB00F30416 /* LaunchScreen.storyboard */,
				35DC0DDA21F6F3CB00F30416 /* Info.plist */,
				D9D145C1220B0B7800CC58DA /* TreeData.xcdatamodeld */,
				35DC0DFE21F6FB3200F30416 /* .swiftlint.yml */,
			);
			path = tree;
			sourceTree = "<group>";
		};
		6A40D8152218009D00F06CA6 /* ArticleViewer */ = {
			isa = PBXGroup;
			children = (
				35DC0E0221F70AB700F30416 /* ArticleDetailViewController.swift */,
				6A40D80D22165A9800F06CA6 /* ArticleWebViewController.swift */,
				35CB481C21FAE7C8000D96CF /* ArticleImageViewController.swift */,
			);
			path = ArticleViewer;
			sourceTree = "<group>";
		};
		6A65DA412203D202005EB2BC /* Helper */ = {
			isa = PBXGroup;
			children = (
				6A65DA422203D22B005EB2BC /* LoadingView.xib */,
				6A65DA442203D242005EB2BC /* LoadingView.swift */,
			);
			path = Helper;
			sourceTree = "<group>";
		};
		6A65DA4B2206D533005EB2BC /* ImageHelper */ = {
			isa = PBXGroup;
			children = (
				6A65DA492206190C005EB2BC /* ImageCache.swift */,
			);
			path = ImageHelper;
			sourceTree = "<group>";
		};
		6AE2D7AC21FEF30D00444622 /* Config */ = {
			isa = PBXGroup;
			children = (
				6AE2D7AD21FEF30D00444622 /* Config.swift */,
			);
			path = Config;
			sourceTree = "<group>";
		};
		968D39AD37EEED1A9F7CF6F0 /* Frameworks */ = {
			isa = PBXGroup;
			children = (
				BF0163F8362378789ACC30D4 /* Pods_tree.framework */,
			);
			name = Frameworks;
			sourceTree = "<group>";
		};
		BC2656B121FD94EE00003413 /* Network Layer */ = {
			isa = PBXGroup;
			children = (
				BC2656B221FD94EE00003413 /* API */,
				BC2656B421FD94EE00003413 /* Service */,
				BC2656B821FD94EE00003413 /* NetworkHelper */,
			);
			path = "Network Layer";
			sourceTree = "<group>";
		};
		BC2656B221FD94EE00003413 /* API */ = {
			isa = PBXGroup;
			children = (
				BC2656B321FD94EE00003413 /* EventRegistryAPI.swift */,
				BC7969C022002F440003F520 /* GoogleTrendAPI.swift */,
				BC5D4E4F220C247E000465B0 /* NaverAPI.swift */,
				6A40D811221693AD00F06CA6 /* ExtractAPI.swift */,
			);
			path = API;
			sourceTree = "<group>";
		};
		BC2656B421FD94EE00003413 /* Service */ = {
			isa = PBXGroup;
			children = (
				BC2656B521FD94EE00003413 /* APIService.swift */,
				BC2656B721FD94EE00003413 /* APICenter.swift */,
				BC2656B621FD94EE00003413 /* APIManager.swift */,
			);
			path = Service;
			sourceTree = "<group>";
		};
		BC2656B821FD94EE00003413 /* NetworkHelper */ = {
			isa = PBXGroup;
			children = (
				BC2656B921FD94EE00003413 /* NetworkResponse.swift */,
				BC2656BA21FD94EE00003413 /* ParametersEncoder.swift */,
				BC2656BB21FD94EE00003413 /* NetworkResult.swift */,
				BC2656BC21FD94EE00003413 /* NetworkError.swift */,
			);
			path = NetworkHelper;
			sourceTree = "<group>";
		};
		BC2656C521FD950900003413 /* Model */ = {
			isa = PBXGroup;
			children = (
				D9D145C7220B0B8400CC58DA /* CoreDataModel */,
				D9D145C4220B0B8400CC58DA /* DataManager */,
				BC2656C621FD950900003413 /* Articles.swift */,
				BC7969B822002E620003F520 /* TrendDays.swift */,
				BC5D4E49220B23C8000465B0 /* Graph.swift */,
				6A40D80F22168F8800F06CA6 /* ExtractArticle.swift */,
				BC42C0812212EE1A00E0833B /* Events.swift */,
				BC42C0892215C78900E0833B /* CategoryEvents.swift */,
			);
			path = Model;
			sourceTree = "<group>";
		};
		BC5D4E44220B1D60000465B0 /* Keyword */ = {
			isa = PBXGroup;
			children = (
				BCDB9E252205A1040095E4E4 /* TrendHeaderCell.swift */,
				BCDB9E262205A1040095E4E4 /* TrendHeaderCell.xib */,
				BC7969D1220174B40003F520 /* TrendListCell.swift */,
				BC7969D2220174B40003F520 /* TrendListCell.xib */,
				BC9E02A82202EBFD00ADD1D5 /* TrendListHeaderCell.swift */,
				BC9E02A92202EBFD00ADD1D5 /* TrendListHeaderCell.xib */,
				BC5D4E46220B1D6C000465B0 /* Detail */,
			);
			path = Keyword;
			sourceTree = "<group>";
		};
		BC5D4E45220B1D66000465B0 /* Events */ = {
			isa = PBXGroup;
			children = (
				BC42C07D22129C4700E0833B /* EventHeaderCell.swift */,
				BC42C07E22129C4700E0833B /* EventHeaderCell.xib */,
				6A47BF41220E0638008BEA7A /* EventFeedCell.swift */,
				6A47BF42220E0638008BEA7A /* EventFeedCell.xib */,
			);
			path = Events;
			sourceTree = "<group>";
		};
		BC5D4E46220B1D6C000465B0 /* Detail */ = {
			isa = PBXGroup;
			children = (
				BC5D4E3F220B1D17000465B0 /* KeywordDetailGraphCell.swift */,
				BC5D4E40220B1D17000465B0 /* KeywordDetailGraphCell.xib */,
				BC649BA0220F5EFA0032ACF2 /* KeywordDetailArticleCell.swift */,
				BC649BA1220F5EFA0032ACF2 /* KeywordDetailArticleCell.xib */,
				BC5D4E4D220B730F000465B0 /* GraphView.swift */,
			);
			path = Detail;
			sourceTree = "<group>";
		};
		BC649BA6220F68110032ACF2 /* Protocol */ = {
			isa = PBXGroup;
			children = (
				6A0957AD220963B300D46741 /* SearchFilterProtocol.swift */,
				BC649BA7220F68230032ACF2 /* HTMLDecodable.swift */,
			);
			path = Protocol;
			sourceTree = "<group>";
		};
		BC7969BA22002EA60003F520 /* Live */ = {
			isa = PBXGroup;
			children = (
				BC7969BB22002EB20003F520 /* Live.storyboard */,
				BC7969C42200AD0E0003F520 /* TrendPageView.swift */,
				BC7969C62200AD190003F520 /* TrendPageView.xib */,
				BC42C07922128DEB00E0833B /* EventPageView.swift */,
				BC42C07B22128DFE00E0833B /* EventPageView.xib */,
				BCD1BB2522057CF800F9C8A8 /* TableViewCell+Animator.swift */,
				BC5D4E44220B1D60000465B0 /* Keyword */,
				BC5D4E45220B1D66000465B0 /* Events */,
			);
			path = Live;
			sourceTree = "<group>";
		};
		BC7969BD22002EB70003F520 /* Live */ = {
			isa = PBXGroup;
			children = (
				BC7969BE22002EC30003F520 /* LiveViewController.swift */,
				BC5D4E4B220B531D000465B0 /* KeywordDetailViewController.swift */,
			);
			path = Live;
			sourceTree = "<group>";
		};
		D9C6AB3621FA9B3E001C0AB8 /* Extension */ = {
			isa = PBXGroup;
			children = (
				BC2656AF21FD94E000003413 /* Extension+URL.swift */,
				D9C6AB3721FA9B3E001C0AB8 /* Extension+UIColor.swift */,
				6A5D282922013FA5009EC8ED /* Extension+ImageView.swift */,
				6A5D282B220187F8009EC8ED /* Extension+UIView.swift */,
				BC63852D2207442B00074CF3 /* Extension+Notification.swift */,
				6A0957AB2208490E00D46741 /* Extension+PickerView.swift */,
				D90C6A112214868100196333 /* Extension+UITableViewDelegate.swift */,
			);
			path = Extension;
			sourceTree = "<group>";
		};
		D9C6AB3F21FA9CB4001C0AB8 /* View */ = {
			isa = PBXGroup;
			children = (
				D9D145CE220B0B9300CC58DA /* Scrap */,
				6A65DA412203D202005EB2BC /* Helper */,
				BC7969BA22002EA60003F520 /* Live */,
				D9C6AB4021FA9CBB001C0AB8 /* Search */,
			);
			path = View;
			sourceTree = "<group>";
		};
		D9C6AB4021FA9CBB001C0AB8 /* Search */ = {
			isa = PBXGroup;
			children = (
				35DC0E0721F70BBC00F30416 /* ArticleDetail.storyboard */,
				D9C6AB4321FA9CF8001C0AB8 /* Search.storyboard */,
				35CB481E21FB6306000D96CF /* ArticleFeedTableViewCell.swift */,
				35CB481F21FB6306000D96CF /* ArticleFeedTableViewCell.xib */,
				6A198CC9220CAA9A002421AC /* DefaultLabelView.xib */,
				6A198CCB220CAAB5002421AC /* DefautLabelView.swift */,
			);
			path = Search;
			sourceTree = "<group>";
		};
		D9C6AB4821FAAD09001C0AB8 /* Controller */ = {
			isa = PBXGroup;
			children = (
				BC7969BD22002EB70003F520 /* Live */,
				D9C6AB4921FAAD09001C0AB8 /* Search */,
				D9D145BC220B0B6800CC58DA /* Scrap */,
				D9C6AB4B21FAAD09001C0AB8 /* Main */,
			);
			path = Controller;
			sourceTree = "<group>";
		};
		D9C6AB4921FAAD09001C0AB8 /* Search */ = {
			isa = PBXGroup;
			children = (
				6A40D8152218009D00F06CA6 /* ArticleViewer */,
				D9C6AB4A21FAAD09001C0AB8 /* SearchViewController.swift */,
				D9C6AB8321FEE6B4001C0AB8 /* SearchFilterViewController.swift */,
			);
			path = Search;
			sourceTree = "<group>";
		};
		D9C6AB4B21FAAD09001C0AB8 /* Main */ = {
			isa = PBXGroup;
			children = (
				D9C6AB4C21FAAD09001C0AB8 /* MainViewController.swift */,
			);
			path = Main;
			sourceTree = "<group>";
		};
		D9C6AB5B21FC151C001C0AB8 /* Helper */ = {
			isa = PBXGroup;
			children = (
				6A65DA4B2206D533005EB2BC /* ImageHelper */,
				D9C6AB7E21FED67A001C0AB8 /* PresentationManager */,
				D9C6AB5C21FC152D001C0AB8 /* SearchScrollEnum.swift */,
				BC63852B2206CBF200074CF3 /* Enum+Countries.swift */,
				BC19FD12220D94B5006A9C7D /* Enum+TimeIntervalTypes.swift */,
				BC19FD14220D965E006A9C7D /* Enum+TimeUnitTypes.swift */,
				BC19FD16220D9D20006A9C7D /* Enum+LocalizedLanguages.swift */,
				6A0C232522114CD400C3629B /* ImageCacheTypeEnum.swift */,
				6A198CC7220C9F51002421AC /* ArticleTypeEnum.swift */,
				BC42C037221138C100E0833B /* Enum+HeaderTitles.swift */,
				6A40D8132216C56400F06CA6 /* Enum+Languages.swift */,
				BCE1B8B5221723230098B3B8 /* Enum+FatalError.swift */,
				6A40D816221811B300F06CA6 /* Enum+ArticleViewerType.swift */,
				BCE1B8B72217E43F0098B3B8 /* NibName.swift */,
			);
			path = Helper;
			sourceTree = "<group>";
		};
		D9C6AB7E21FED67A001C0AB8 /* PresentationManager */ = {
			isa = PBXGroup;
			children = (
				D9DFFB4A220EEADC0047E326 /* ScrapFilterDelegate.swift */,
				D9C6AB7F21FED9F7001C0AB8 /* PresentationController.swift */,
				D9C6AB8121FEDB08001C0AB8 /* PresentationManager.swift */,
			);
			path = PresentationManager;
			sourceTree = "<group>";
		};
		D9D145BC220B0B6800CC58DA /* Scrap */ = {
			isa = PBXGroup;
			children = (
				D9DFFB40220EEA3E0047E326 /* ScrapFilterViewController.swift */,
				D9D145BD220B0B6800CC58DA /* ScrapViewController.swift */,
				D9D145BE220B0B6800CC58DA /* ScrapTabBarController.swift */,
			);
			path = Scrap;
			sourceTree = "<group>";
		};
		D9D145C4220B0B8400CC58DA /* DataManager */ = {
			isa = PBXGroup;
			children = (
				D9D145C5220B0B8400CC58DA /* ScrapService.swift */,
				D9D145C6220B0B8400CC58DA /* ScrapManager.swift */,
			);
			path = DataManager;
			sourceTree = "<group>";
		};
		D9D145C7220B0B8400CC58DA /* CoreDataModel */ = {
			isa = PBXGroup;
			children = (
				D9D145C8220B0B8400CC58DA /* ScrappedArticle+CoreDataClass.swift */,
				D9D145C9220B0B8400CC58DA /* ScrappedArticle+CoreDataProperties.swift */,
			);
			path = CoreDataModel;
			sourceTree = "<group>";
		};
		D9D145CE220B0B9300CC58DA /* Scrap */ = {
			isa = PBXGroup;
			children = (
				D9DFFB44220EEA7F0047E326 /* ScrapFilter.storyboard */,
				D9DFFB42220EEA7E0047E326 /* ScrapFilterTableViewCell.swift */,
				D9DFFB43220EEA7E0047E326 /* ScrapFilterTableViewCell.xib */,
				D9DFFB48220EEA990047E326 /* Scrap.storyboard */,
			);
			path = Scrap;
			sourceTree = "<group>";
		};
/* End PBXGroup section */

/* Begin PBXNativeTarget section */
		35DC0DCA21F6F3C700F30416 /* tree */ = {
			isa = PBXNativeTarget;
			buildConfigurationList = 35DC0DDD21F6F3CB00F30416 /* Build configuration list for PBXNativeTarget "tree" */;
			buildPhases = (
				90162EC1EA13CEC3348C48E0 /* [CP] Check Pods Manifest.lock */,
				35DC0DC721F6F3C700F30416 /* Sources */,
				35DC0DC821F6F3C700F30416 /* Frameworks */,
				35DC0DC921F6F3C700F30416 /* Resources */,
				BC1AFAC821F6F987009E0498 /* ShellScript */,
			);
			buildRules = (
			);
			dependencies = (
			);
			name = tree;
			productName = tree;
			productReference = 35DC0DCB21F6F3C700F30416 /* tree.app */;
			productType = "com.apple.product-type.application";
		};
/* End PBXNativeTarget section */

/* Begin PBXProject section */
		35DC0DC321F6F3C700F30416 /* Project object */ = {
			isa = PBXProject;
			attributes = {
				LastSwiftUpdateCheck = 1000;
				LastUpgradeCheck = 1000;
				ORGANIZATIONNAME = gardener;
				TargetAttributes = {
					35DC0DCA21F6F3C700F30416 = {
						CreatedOnToolsVersion = 10.0;
					};
				};
			};
			buildConfigurationList = 35DC0DC621F6F3C700F30416 /* Build configuration list for PBXProject "tree" */;
			compatibilityVersion = "Xcode 9.3";
			developmentRegion = en;
			hasScannedForEncodings = 0;
			knownRegions = (
				en,
				Base,
			);
			mainGroup = 35DC0DC221F6F3C700F30416;
			productRefGroup = 35DC0DCC21F6F3C700F30416 /* Products */;
			projectDirPath = "";
			projectRoot = "";
			targets = (
				35DC0DCA21F6F3C700F30416 /* tree */,
			);
		};
/* End PBXProject section */

/* Begin PBXResourcesBuildPhase section */
		35DC0DC921F6F3C700F30416 /* Resources */ = {
			isa = PBXResourcesBuildPhase;
			buildActionMask = 2147483647;
			files = (
				D9DFFB47220EEA7F0047E326 /* ScrapFilter.storyboard in Resources */,
				BC5D4E42220B1D17000465B0 /* KeywordDetailGraphCell.xib in Resources */,
				6A47BF44220E0638008BEA7A /* EventFeedCell.xib in Resources */,
				35DC0DFF21F6FB3200F30416 /* .swiftlint.yml in Resources */,
				6A65DA432203D22B005EB2BC /* LoadingView.xib in Resources */,
				BCDB9E282205A1040095E4E4 /* TrendHeaderCell.xib in Resources */,
				BC42C07C22128DFE00E0833B /* EventPageView.xib in Resources */,
				35DC0DD921F6F3CB00F30416 /* LaunchScreen.storyboard in Resources */,
				BC9E02AB2202EBFD00ADD1D5 /* TrendListHeaderCell.xib in Resources */,
				35CB482121FB6306000D96CF /* ArticleFeedTableViewCell.xib in Resources */,
				35DC0E0821F70BBC00F30416 /* ArticleDetail.storyboard in Resources */,
				6A198CCA220CAA9A002421AC /* DefaultLabelView.xib in Resources */,
				BC7969C72200AD190003F520 /* TrendPageView.xib in Resources */,
				35DC0DD621F6F3CB00F30416 /* Assets.xcassets in Resources */,
				D9DFFB46220EEA7F0047E326 /* ScrapFilterTableViewCell.xib in Resources */,
				BC42C08022129C4700E0833B /* EventHeaderCell.xib in Resources */,
				35DC0DD421F6F3C700F30416 /* Main.storyboard in Resources */,
				BC7969BC22002EB20003F520 /* Live.storyboard in Resources */,
				BC649BA3220F5EFA0032ACF2 /* KeywordDetailArticleCell.xib in Resources */,
				D9C6AB4421FA9CF8001C0AB8 /* Search.storyboard in Resources */,
				D9DFFB49220EEA990047E326 /* Scrap.storyboard in Resources */,
				BC7969D4220174B40003F520 /* TrendListCell.xib in Resources */,
			);
			runOnlyForDeploymentPostprocessing = 0;
		};
/* End PBXResourcesBuildPhase section */

/* Begin PBXShellScriptBuildPhase section */
		90162EC1EA13CEC3348C48E0 /* [CP] Check Pods Manifest.lock */ = {
			isa = PBXShellScriptBuildPhase;
			buildActionMask = 2147483647;
			files = (
			);
			inputFileListPaths = (
			);
			inputPaths = (
				"${PODS_PODFILE_DIR_PATH}/Podfile.lock",
				"${PODS_ROOT}/Manifest.lock",
			);
			name = "[CP] Check Pods Manifest.lock";
			outputFileListPaths = (
			);
			outputPaths = (
				"$(DERIVED_FILE_DIR)/Pods-tree-checkManifestLockResult.txt",
			);
			runOnlyForDeploymentPostprocessing = 0;
			shellPath = /bin/sh;
			shellScript = "diff \"${PODS_PODFILE_DIR_PATH}/Podfile.lock\" \"${PODS_ROOT}/Manifest.lock\" > /dev/null\nif [ $? != 0 ] ; then\n    # print error to STDERR\n    echo \"error: The sandbox is not in sync with the Podfile.lock. Run 'pod install' or update your CocoaPods installation.\" >&2\n    exit 1\nfi\n# This output is used by Xcode 'outputs' to avoid re-running this script phase.\necho \"SUCCESS\" > \"${SCRIPT_OUTPUT_FILE_0}\"\n";
			showEnvVarsInLog = 0;
		};
		BC1AFAC821F6F987009E0498 /* ShellScript */ = {
			isa = PBXShellScriptBuildPhase;
			buildActionMask = 2147483647;
			files = (
			);
			inputFileListPaths = (
			);
			inputPaths = (
			);
			outputFileListPaths = (
			);
			outputPaths = (
			);
			runOnlyForDeploymentPostprocessing = 0;
			shellPath = /bin/sh;
			shellScript = "${PODS_ROOT}/SwiftLint/swiftlint\n";
		};
/* End PBXShellScriptBuildPhase section */

/* Begin PBXSourcesBuildPhase section */
		35DC0DC721F6F3C700F30416 /* Sources */ = {
			isa = PBXSourcesBuildPhase;
			buildActionMask = 2147483647;
			files = (
				BC42C07A22128DEB00E0833B /* EventPageView.swift in Sources */,
				6A198CCC220CAAB5002421AC /* DefautLabelView.swift in Sources */,
				D9C6AB8421FEE6B4001C0AB8 /* SearchFilterViewController.swift in Sources */,
				D9D145CD220B0B8400CC58DA /* ScrappedArticle+CoreDataProperties.swift in Sources */,
				BC2656C421FD94EE00003413 /* NetworkError.swift in Sources */,
				BC19FD15220D965E006A9C7D /* Enum+TimeUnitTypes.swift in Sources */,
				6A5D282C220187F8009EC8ED /* Extension+UIView.swift in Sources */,
				BC2656BF21FD94EE00003413 /* APIManager.swift in Sources */,
				35CB482021FB6306000D96CF /* ArticleFeedTableViewCell.swift in Sources */,
				BC649BA8220F68230032ACF2 /* HTMLDecodable.swift in Sources */,
				6A65DA4A2206190C005EB2BC /* ImageCache.swift in Sources */,
				BC5D4E4A220B23C8000465B0 /* Graph.swift in Sources */,
				BC19FD17220D9D20006A9C7D /* Enum+LocalizedLanguages.swift in Sources */,
				D9C6AB4D21FAAD0A001C0AB8 /* SearchViewController.swift in Sources */,
				D9D145C0220B0B6A00CC58DA /* ScrapTabBarController.swift in Sources */,
				BC7969B922002E620003F520 /* TrendDays.swift in Sources */,
				BC2656C721FD950900003413 /* Articles.swift in Sources */,
				BC5D4E41220B1D17000465B0 /* KeywordDetailGraphCell.swift in Sources */,
				6A40D8142216C56400F06CA6 /* Enum+Languages.swift in Sources */,
				D9C6AB5D21FC152D001C0AB8 /* SearchScrollEnum.swift in Sources */,
				6A47BF43220E0638008BEA7A /* EventFeedCell.swift in Sources */,
				BC5D4E4C220B531D000465B0 /* KeywordDetailViewController.swift in Sources */,
				D9C6AB3D21FA9B3E001C0AB8 /* Extension+UIColor.swift in Sources */,
				6A0957AE220963B300D46741 /* SearchFilterProtocol.swift in Sources */,
				6A40D81022168F8900F06CA6 /* ExtractArticle.swift in Sources */,
				BC7969D3220174B40003F520 /* TrendListCell.swift in Sources */,
				BC19FD13220D94B5006A9C7D /* Enum+TimeIntervalTypes.swift in Sources */,
				BC2656BE21FD94EE00003413 /* APIService.swift in Sources */,
				6A0957AC2208490E00D46741 /* Extension+PickerView.swift in Sources */,
				6A40D80E22165A9800F06CA6 /* ArticleWebViewController.swift in Sources */,
				6A40D812221693AD00F06CA6 /* ExtractAPI.swift in Sources */,
				BC9E02AA2202EBFD00ADD1D5 /* TrendListHeaderCell.swift in Sources */,
				BC2656BD21FD94EE00003413 /* EventRegistryAPI.swift in Sources */,
				BC7969C52200AD0E0003F520 /* TrendPageView.swift in Sources */,
				D9C6AB8221FEDB08001C0AB8 /* PresentationManager.swift in Sources */,
				D9DFFB4B220EEADC0047E326 /* ScrapFilterDelegate.swift in Sources */,
				BC2656C321FD94EE00003413 /* NetworkResult.swift in Sources */,
				D90C6A122214868100196333 /* Extension+UITableViewDelegate.swift in Sources */,
				BC2656C021FD94EE00003413 /* APICenter.swift in Sources */,
				BC63852E2207442B00074CF3 /* Extension+Notification.swift in Sources */,
				D9DFFB45220EEA7F0047E326 /* ScrapFilterTableViewCell.swift in Sources */,
				BC42C08A2215C78900E0833B /* CategoryEvents.swift in Sources */,
				BC2656C221FD94EE00003413 /* ParametersEncoder.swift in Sources */,
				D9DFFB41220EEA3E0047E326 /* ScrapFilterViewController.swift in Sources */,
				BC2656B021FD94E000003413 /* Extension+URL.swift in Sources */,
				BC42C0822212EE1A00E0833B /* Events.swift in Sources */,
				BC2656C121FD94EE00003413 /* NetworkResponse.swift in Sources */,
				BC5D4E4E220B730F000465B0 /* GraphView.swift in Sources */,
				35DC0DCF21F6F3C700F30416 /* AppDelegate.swift in Sources */,
				6A65DA452203D242005EB2BC /* LoadingView.swift in Sources */,
				6A40D817221811B300F06CA6 /* Enum+ArticleViewerType.swift in Sources */,
				BC649BA2220F5EFA0032ACF2 /* KeywordDetailArticleCell.swift in Sources */,
				BC5D4E50220C247F000465B0 /* NaverAPI.swift in Sources */,
				BC7969BF22002EC30003F520 /* LiveViewController.swift in Sources */,
				BC63852C2206CBF200074CF3 /* Enum+Countries.swift in Sources */,
				D9D145C3220B0B7800CC58DA /* TreeData.xcdatamodeld in Sources */,
				D9C6AB4E21FAAD0A001C0AB8 /* MainViewController.swift in Sources */,
				6AE2D7AE21FEF30D00444622 /* Config.swift in Sources */,
				BC42C038221138C100E0833B /* Enum+HeaderTitles.swift in Sources */,
				BCD1BB2622057CF800F9C8A8 /* TableViewCell+Animator.swift in Sources */,
				BCE1B8B82217E43F0098B3B8 /* NibName.swift in Sources */,
				D9D145CB220B0B8400CC58DA /* ScrapManager.swift in Sources */,
				6A0C232622114CD400C3629B /* ImageCacheTypeEnum.swift in Sources */,
				35CB481D21FAE7C8000D96CF /* ArticleImageViewController.swift in Sources */,
				6A5D282A22013FA5009EC8ED /* Extension+ImageView.swift in Sources */,
				BCDB9E272205A1040095E4E4 /* TrendHeaderCell.swift in Sources */,
				6A198CC8220C9F51002421AC /* ArticleTypeEnum.swift in Sources */,
				D9D145CA220B0B8400CC58DA /* ScrapService.swift in Sources */,
				D9D145BF220B0B6A00CC58DA /* ScrapViewController.swift in Sources */,
				BC42C07F22129C4700E0833B /* EventHeaderCell.swift in Sources */,
				D9D145CC220B0B8400CC58DA /* ScrappedArticle+CoreDataClass.swift in Sources */,
				35CB481B21FAC610000D96CF /* ArticleDetailViewController.swift in Sources */,
				BC7969C122002F440003F520 /* GoogleTrendAPI.swift in Sources */,
				BCE1B8B6221723230098B3B8 /* Enum+FatalError.swift in Sources */,
				D9C6AB8021FED9F7001C0AB8 /* PresentationController.swift in Sources */,
			);
			runOnlyForDeploymentPostprocessing = 0;
		};
/* End PBXSourcesBuildPhase section */

/* Begin PBXVariantGroup section */
		35DC0DD221F6F3C700F30416 /* Main.storyboard */ = {
			isa = PBXVariantGroup;
			children = (
				35DC0DD321F6F3C700F30416 /* Base */,
			);
			name = Main.storyboard;
			sourceTree = "<group>";
		};
		35DC0DD721F6F3CB00F30416 /* LaunchScreen.storyboard */ = {
			isa = PBXVariantGroup;
			children = (
				35DC0DD821F6F3CB00F30416 /* Base */,
			);
			name = LaunchScreen.storyboard;
			sourceTree = "<group>";
		};
/* End PBXVariantGroup section */

/* Begin XCBuildConfiguration section */
		35DC0DDB21F6F3CB00F30416 /* Debug */ = {
			isa = XCBuildConfiguration;
			buildSettings = {
				ALWAYS_SEARCH_USER_PATHS = NO;
				CLANG_ANALYZER_NONNULL = YES;
				CLANG_ANALYZER_NUMBER_OBJECT_CONVERSION = YES_AGGRESSIVE;
				CLANG_CXX_LANGUAGE_STANDARD = "gnu++14";
				CLANG_CXX_LIBRARY = "libc++";
				CLANG_ENABLE_MODULES = YES;
				CLANG_ENABLE_OBJC_ARC = YES;
				CLANG_ENABLE_OBJC_WEAK = YES;
				CLANG_WARN_BLOCK_CAPTURE_AUTORELEASING = YES;
				CLANG_WARN_BOOL_CONVERSION = YES;
				CLANG_WARN_COMMA = YES;
				CLANG_WARN_CONSTANT_CONVERSION = YES;
				CLANG_WARN_DEPRECATED_OBJC_IMPLEMENTATIONS = YES;
				CLANG_WARN_DIRECT_OBJC_ISA_USAGE = YES_ERROR;
				CLANG_WARN_DOCUMENTATION_COMMENTS = YES;
				CLANG_WARN_EMPTY_BODY = YES;
				CLANG_WARN_ENUM_CONVERSION = YES;
				CLANG_WARN_INFINITE_RECURSION = YES;
				CLANG_WARN_INT_CONVERSION = YES;
				CLANG_WARN_NON_LITERAL_NULL_CONVERSION = YES;
				CLANG_WARN_OBJC_IMPLICIT_RETAIN_SELF = YES;
				CLANG_WARN_OBJC_LITERAL_CONVERSION = YES;
				CLANG_WARN_OBJC_ROOT_CLASS = YES_ERROR;
				CLANG_WARN_RANGE_LOOP_ANALYSIS = YES;
				CLANG_WARN_STRICT_PROTOTYPES = YES;
				CLANG_WARN_SUSPICIOUS_MOVE = YES;
				CLANG_WARN_UNGUARDED_AVAILABILITY = YES_AGGRESSIVE;
				CLANG_WARN_UNREACHABLE_CODE = YES;
				CLANG_WARN__DUPLICATE_METHOD_MATCH = YES;
				CODE_SIGN_IDENTITY = "iPhone Developer";
				COPY_PHASE_STRIP = NO;
				DEBUG_INFORMATION_FORMAT = dwarf;
				ENABLE_STRICT_OBJC_MSGSEND = YES;
				ENABLE_TESTABILITY = YES;
				GCC_C_LANGUAGE_STANDARD = gnu11;
				GCC_DYNAMIC_NO_PIC = NO;
				GCC_NO_COMMON_BLOCKS = YES;
				GCC_OPTIMIZATION_LEVEL = 0;
				GCC_PREPROCESSOR_DEFINITIONS = (
					"DEBUG=1",
					"$(inherited)",
				);
				GCC_WARN_64_TO_32_BIT_CONVERSION = YES;
				GCC_WARN_ABOUT_RETURN_TYPE = YES_ERROR;
				GCC_WARN_UNDECLARED_SELECTOR = YES;
				GCC_WARN_UNINITIALIZED_AUTOS = YES_AGGRESSIVE;
				GCC_WARN_UNUSED_FUNCTION = YES;
				GCC_WARN_UNUSED_VARIABLE = YES;
				IPHONEOS_DEPLOYMENT_TARGET = 12.0;
				MTL_ENABLE_DEBUG_INFO = INCLUDE_SOURCE;
				MTL_FAST_MATH = YES;
				ONLY_ACTIVE_ARCH = YES;
				SDKROOT = iphoneos;
				SWIFT_ACTIVE_COMPILATION_CONDITIONS = DEBUG;
				SWIFT_OPTIMIZATION_LEVEL = "-Onone";
			};
			name = Debug;
		};
		35DC0DDC21F6F3CB00F30416 /* Release */ = {
			isa = XCBuildConfiguration;
			buildSettings = {
				ALWAYS_SEARCH_USER_PATHS = NO;
				CLANG_ANALYZER_NONNULL = YES;
				CLANG_ANALYZER_NUMBER_OBJECT_CONVERSION = YES_AGGRESSIVE;
				CLANG_CXX_LANGUAGE_STANDARD = "gnu++14";
				CLANG_CXX_LIBRARY = "libc++";
				CLANG_ENABLE_MODULES = YES;
				CLANG_ENABLE_OBJC_ARC = YES;
				CLANG_ENABLE_OBJC_WEAK = YES;
				CLANG_WARN_BLOCK_CAPTURE_AUTORELEASING = YES;
				CLANG_WARN_BOOL_CONVERSION = YES;
				CLANG_WARN_COMMA = YES;
				CLANG_WARN_CONSTANT_CONVERSION = YES;
				CLANG_WARN_DEPRECATED_OBJC_IMPLEMENTATIONS = YES;
				CLANG_WARN_DIRECT_OBJC_ISA_USAGE = YES_ERROR;
				CLANG_WARN_DOCUMENTATION_COMMENTS = YES;
				CLANG_WARN_EMPTY_BODY = YES;
				CLANG_WARN_ENUM_CONVERSION = YES;
				CLANG_WARN_INFINITE_RECURSION = YES;
				CLANG_WARN_INT_CONVERSION = YES;
				CLANG_WARN_NON_LITERAL_NULL_CONVERSION = YES;
				CLANG_WARN_OBJC_IMPLICIT_RETAIN_SELF = YES;
				CLANG_WARN_OBJC_LITERAL_CONVERSION = YES;
				CLANG_WARN_OBJC_ROOT_CLASS = YES_ERROR;
				CLANG_WARN_RANGE_LOOP_ANALYSIS = YES;
				CLANG_WARN_STRICT_PROTOTYPES = YES;
				CLANG_WARN_SUSPICIOUS_MOVE = YES;
				CLANG_WARN_UNGUARDED_AVAILABILITY = YES_AGGRESSIVE;
				CLANG_WARN_UNREACHABLE_CODE = YES;
				CLANG_WARN__DUPLICATE_METHOD_MATCH = YES;
				CODE_SIGN_IDENTITY = "iPhone Developer";
				COPY_PHASE_STRIP = NO;
				DEBUG_INFORMATION_FORMAT = "dwarf-with-dsym";
				ENABLE_NS_ASSERTIONS = NO;
				ENABLE_STRICT_OBJC_MSGSEND = YES;
				GCC_C_LANGUAGE_STANDARD = gnu11;
				GCC_NO_COMMON_BLOCKS = YES;
				GCC_WARN_64_TO_32_BIT_CONVERSION = YES;
				GCC_WARN_ABOUT_RETURN_TYPE = YES_ERROR;
				GCC_WARN_UNDECLARED_SELECTOR = YES;
				GCC_WARN_UNINITIALIZED_AUTOS = YES_AGGRESSIVE;
				GCC_WARN_UNUSED_FUNCTION = YES;
				GCC_WARN_UNUSED_VARIABLE = YES;
				IPHONEOS_DEPLOYMENT_TARGET = 12.0;
				MTL_ENABLE_DEBUG_INFO = NO;
				MTL_FAST_MATH = YES;
				SDKROOT = iphoneos;
				SWIFT_COMPILATION_MODE = wholemodule;
				SWIFT_OPTIMIZATION_LEVEL = "-O";
				VALIDATE_PRODUCT = YES;
			};
			name = Release;
		};
		35DC0DDE21F6F3CB00F30416 /* Debug */ = {
			isa = XCBuildConfiguration;
			baseConfigurationReference = 8965743E41477F79773392B1 /* Pods-tree.debug.xcconfig */;
			buildSettings = {
				ASSETCATALOG_COMPILER_APPICON_NAME = AppIcon;
				CODE_SIGN_STYLE = Automatic;
				DEVELOPMENT_TEAM = "";
				INFOPLIST_FILE = tree/Info.plist;
				IPHONEOS_DEPLOYMENT_TARGET = 12.0;
				LD_RUNPATH_SEARCH_PATHS = (
					"$(inherited)",
					"@executable_path/Frameworks",
				);
				PRODUCT_BUNDLE_IDENTIFIER = com.gardener.tree;
				PRODUCT_NAME = "$(TARGET_NAME)";
				SWIFT_VERSION = 4.2;
				TARGETED_DEVICE_FAMILY = "1,2";
			};
			name = Debug;
		};
		35DC0DDF21F6F3CB00F30416 /* Release */ = {
			isa = XCBuildConfiguration;
			baseConfigurationReference = 9833F533FEAC2BBB2BE859BF /* Pods-tree.release.xcconfig */;
			buildSettings = {
				ASSETCATALOG_COMPILER_APPICON_NAME = AppIcon;
				CODE_SIGN_STYLE = Automatic;
				DEVELOPMENT_TEAM = "";
				INFOPLIST_FILE = tree/Info.plist;
				IPHONEOS_DEPLOYMENT_TARGET = 12.0;
				LD_RUNPATH_SEARCH_PATHS = (
					"$(inherited)",
					"@executable_path/Frameworks",
				);
				PRODUCT_BUNDLE_IDENTIFIER = com.gardener.tree;
				PRODUCT_NAME = "$(TARGET_NAME)";
				SWIFT_VERSION = 4.2;
				TARGETED_DEVICE_FAMILY = "1,2";
			};
			name = Release;
		};
/* End XCBuildConfiguration section */

/* Begin XCConfigurationList section */
		35DC0DC621F6F3C700F30416 /* Build configuration list for PBXProject "tree" */ = {
			isa = XCConfigurationList;
			buildConfigurations = (
				35DC0DDB21F6F3CB00F30416 /* Debug */,
				35DC0DDC21F6F3CB00F30416 /* Release */,
			);
			defaultConfigurationIsVisible = 0;
			defaultConfigurationName = Release;
		};
		35DC0DDD21F6F3CB00F30416 /* Build configuration list for PBXNativeTarget "tree" */ = {
			isa = XCConfigurationList;
			buildConfigurations = (
				35DC0DDE21F6F3CB00F30416 /* Debug */,
				35DC0DDF21F6F3CB00F30416 /* Release */,
			);
			defaultConfigurationIsVisible = 0;
			defaultConfigurationName = Release;
		};
/* End XCConfigurationList section */

/* Begin XCVersionGroup section */
		D9D145C1220B0B7800CC58DA /* TreeData.xcdatamodeld */ = {
			isa = XCVersionGroup;
			children = (
				D9D145C2220B0B7800CC58DA /* TreeData.xcdatamodel */,
			);
			currentVersion = D9D145C2220B0B7800CC58DA /* TreeData.xcdatamodel */;
			path = TreeData.xcdatamodeld;
			sourceTree = "<group>";
			versionGroupType = wrapper.xcdatamodel;
		};
/* End XCVersionGroup section */
	};
	rootObject = 35DC0DC321F6F3C700F30416 /* Project object */;
}
