// !$*UTF8*$!
{
	archiveVersion = 1;
	classes = {
	};
	objectVersion = 50;
	objects = {

/* Begin PBXBuildFile section */
		35DC0DCF21F6F3C700F30416 /* AppDelegate.swift in Sources */ = {isa = PBXBuildFile; fileRef = 35DC0DCE21F6F3C700F30416 /* AppDelegate.swift */; };
		35DC0DD121F6F3C700F30416 /* ViewController.swift in Sources */ = {isa = PBXBuildFile; fileRef = 35DC0DD021F6F3C700F30416 /* ViewController.swift */; };
		35DC0DD421F6F3C700F30416 /* Main.storyboard in Resources */ = {isa = PBXBuildFile; fileRef = 35DC0DD221F6F3C700F30416 /* Main.storyboard */; };
		35DC0DD621F6F3CB00F30416 /* Assets.xcassets in Resources */ = {isa = PBXBuildFile; fileRef = 35DC0DD521F6F3CB00F30416 /* Assets.xcassets */; };
		35DC0DD921F6F3CB00F30416 /* LaunchScreen.storyboard in Resources */ = {isa = PBXBuildFile; fileRef = 35DC0DD721F6F3CB00F30416 /* LaunchScreen.storyboard */; };
		35DC0DFF21F6FB3200F30416 /* .swiftlint.yml in Resources */ = {isa = PBXBuildFile; fileRef = 35DC0DFE21F6FB3200F30416 /* .swiftlint.yml */; };
		45A74A72C78EC54DD12F5CA6 /* Pods_tree.framework in Frameworks */ = {isa = PBXBuildFile; fileRef = BF0163F8362378789ACC30D4 /* Pods_tree.framework */; };
		BC2656A921FC91D300003413 /* NetworkError.swift in Sources */ = {isa = PBXBuildFile; fileRef = BC2656A821FC91D300003413 /* NetworkError.swift */; };
		BC2656AB21FCA04F00003413 /* NetworkResponse.swift in Sources */ = {isa = PBXBuildFile; fileRef = BC2656AA21FCA04F00003413 /* NetworkResponse.swift */; };
		BC2656AE21FCAC2200003413 /* NetworkResult.swift in Sources */ = {isa = PBXBuildFile; fileRef = BC2656AD21FCAC2200003413 /* NetworkResult.swift */; };
		BC4AD9FB21F84D4A006B11A0 /* Articles.swift in Sources */ = {isa = PBXBuildFile; fileRef = BC4AD9FA21F84D4A006B11A0 /* Articles.swift */; };
		BC9432F121F975C900597B47 /* APIService.swift in Sources */ = {isa = PBXBuildFile; fileRef = BC9432F021F975C900597B47 /* APIService.swift */; };
		BC9432F721F992F700597B47 /* EventRegistryAPI.swift in Sources */ = {isa = PBXBuildFile; fileRef = BC9432F621F992F700597B47 /* EventRegistryAPI.swift */; };
		BC9432FB21F9D7E300597B47 /* APICenter.swift in Sources */ = {isa = PBXBuildFile; fileRef = BC9432FA21F9D7E300597B47 /* APICenter.swift */; };
		BC94330021FAA88E00597B47 /* Extension+URL.swift in Sources */ = {isa = PBXBuildFile; fileRef = BC9432FF21FAA88E00597B47 /* Extension+URL.swift */; };
		BC94330221FAA94B00597B47 /* ParametersEncoder.swift in Sources */ = {isa = PBXBuildFile; fileRef = BC94330121FAA94B00597B47 /* ParametersEncoder.swift */; };
		BC94330421FAF17400597B47 /* APIManager.swift in Sources */ = {isa = PBXBuildFile; fileRef = BC94330321FAF17400597B47 /* APIManager.swift */; };
/* End PBXBuildFile section */

/* Begin PBXFileReference section */
		35DC0DCB21F6F3C700F30416 /* tree.app */ = {isa = PBXFileReference; explicitFileType = wrapper.application; includeInIndex = 0; path = tree.app; sourceTree = BUILT_PRODUCTS_DIR; };
		35DC0DCE21F6F3C700F30416 /* AppDelegate.swift */ = {isa = PBXFileReference; lastKnownFileType = sourcecode.swift; path = AppDelegate.swift; sourceTree = "<group>"; };
		35DC0DD021F6F3C700F30416 /* ViewController.swift */ = {isa = PBXFileReference; lastKnownFileType = sourcecode.swift; path = ViewController.swift; sourceTree = "<group>"; };
		35DC0DD321F6F3C700F30416 /* Base */ = {isa = PBXFileReference; lastKnownFileType = file.storyboard; name = Base; path = Base.lproj/Main.storyboard; sourceTree = "<group>"; };
		35DC0DD521F6F3CB00F30416 /* Assets.xcassets */ = {isa = PBXFileReference; lastKnownFileType = folder.assetcatalog; path = Assets.xcassets; sourceTree = "<group>"; };
		35DC0DD821F6F3CB00F30416 /* Base */ = {isa = PBXFileReference; lastKnownFileType = file.storyboard; name = Base; path = Base.lproj/LaunchScreen.storyboard; sourceTree = "<group>"; };
		35DC0DDA21F6F3CB00F30416 /* Info.plist */ = {isa = PBXFileReference; lastKnownFileType = text.plist.xml; path = Info.plist; sourceTree = "<group>"; };
		35DC0DFE21F6FB3200F30416 /* .swiftlint.yml */ = {isa = PBXFileReference; lastKnownFileType = text; path = .swiftlint.yml; sourceTree = "<group>"; };
		8965743E41477F79773392B1 /* Pods-tree.debug.xcconfig */ = {isa = PBXFileReference; includeInIndex = 1; lastKnownFileType = text.xcconfig; name = "Pods-tree.debug.xcconfig"; path = "Pods/Target Support Files/Pods-tree/Pods-tree.debug.xcconfig"; sourceTree = "<group>"; };
		9833F533FEAC2BBB2BE859BF /* Pods-tree.release.xcconfig */ = {isa = PBXFileReference; includeInIndex = 1; lastKnownFileType = text.xcconfig; name = "Pods-tree.release.xcconfig"; path = "Pods/Target Support Files/Pods-tree/Pods-tree.release.xcconfig"; sourceTree = "<group>"; };
		BC2656A821FC91D300003413 /* NetworkError.swift */ = {isa = PBXFileReference; lastKnownFileType = sourcecode.swift; path = NetworkError.swift; sourceTree = "<group>"; };
		BC2656AA21FCA04F00003413 /* NetworkResponse.swift */ = {isa = PBXFileReference; lastKnownFileType = sourcecode.swift; path = NetworkResponse.swift; sourceTree = "<group>"; };
		BC2656AD21FCAC2200003413 /* NetworkResult.swift */ = {isa = PBXFileReference; lastKnownFileType = sourcecode.swift; path = NetworkResult.swift; sourceTree = "<group>"; };
		BC4AD9FA21F84D4A006B11A0 /* Articles.swift */ = {isa = PBXFileReference; lastKnownFileType = sourcecode.swift; path = Articles.swift; sourceTree = "<group>"; };
		BC9432F021F975C900597B47 /* APIService.swift */ = {isa = PBXFileReference; lastKnownFileType = sourcecode.swift; path = APIService.swift; sourceTree = "<group>"; };
		BC9432F621F992F700597B47 /* EventRegistryAPI.swift */ = {isa = PBXFileReference; lastKnownFileType = sourcecode.swift; path = EventRegistryAPI.swift; sourceTree = "<group>"; };
		BC9432FA21F9D7E300597B47 /* APICenter.swift */ = {isa = PBXFileReference; lastKnownFileType = sourcecode.swift; path = APICenter.swift; sourceTree = "<group>"; };
		BC9432FF21FAA88E00597B47 /* Extension+URL.swift */ = {isa = PBXFileReference; lastKnownFileType = sourcecode.swift; path = "Extension+URL.swift"; sourceTree = "<group>"; };
		BC94330121FAA94B00597B47 /* ParametersEncoder.swift */ = {isa = PBXFileReference; lastKnownFileType = sourcecode.swift; path = ParametersEncoder.swift; sourceTree = "<group>"; };
		BC94330321FAF17400597B47 /* APIManager.swift */ = {isa = PBXFileReference; lastKnownFileType = sourcecode.swift; path = APIManager.swift; sourceTree = "<group>"; };
		BF0163F8362378789ACC30D4 /* Pods_tree.framework */ = {isa = PBXFileReference; explicitFileType = wrapper.framework; includeInIndex = 0; path = Pods_tree.framework; sourceTree = BUILT_PRODUCTS_DIR; };
/* End PBXFileReference section */

/* Begin PBXFrameworksBuildPhase section */
		35DC0DC821F6F3C700F30416 /* Frameworks */ = {
			isa = PBXFrameworksBuildPhase;
			buildActionMask = 2147483647;
			files = (
				45A74A72C78EC54DD12F5CA6 /* Pods_tree.framework in Frameworks */,
			);
			runOnlyForDeploymentPostprocessing = 0;
		};
/* End PBXFrameworksBuildPhase section */

/* Begin PBXGroup section */
		2D4B42C94B5BA86EDCCB8E9D /* Pods */ = {
			isa = PBXGroup;
			children = (
				8965743E41477F79773392B1 /* Pods-tree.debug.xcconfig */,
				9833F533FEAC2BBB2BE859BF /* Pods-tree.release.xcconfig */,
			);
			name = Pods;
			sourceTree = "<group>";
		};
		35DC0DC221F6F3C700F30416 = {
			isa = PBXGroup;
			children = (
				35DC0DCD21F6F3C700F30416 /* tree */,
				35DC0DCC21F6F3C700F30416 /* Products */,
				2D4B42C94B5BA86EDCCB8E9D /* Pods */,
				968D39AD37EEED1A9F7CF6F0 /* Frameworks */,
			);
			sourceTree = "<group>";
		};
		35DC0DCC21F6F3C700F30416 /* Products */ = {
			isa = PBXGroup;
			children = (
				35DC0DCB21F6F3C700F30416 /* tree.app */,
			);
			name = Products;
			sourceTree = "<group>";
		};
		35DC0DCD21F6F3C700F30416 /* tree */ = {
			isa = PBXGroup;
			children = (
				BC9432FE21FAA87D00597B47 /* Extensions */,
				BC4AD9FC21F8512F006B11A0 /* Network Layer */,
				BC4AD9F921F84D3E006B11A0 /* Model */,
				35DC0DCE21F6F3C700F30416 /* AppDelegate.swift */,
				35DC0DD021F6F3C700F30416 /* ViewController.swift */,
				35DC0DD221F6F3C700F30416 /* Main.storyboard */,
				35DC0DD521F6F3CB00F30416 /* Assets.xcassets */,
				35DC0DD721F6F3CB00F30416 /* LaunchScreen.storyboard */,
				35DC0DDA21F6F3CB00F30416 /* Info.plist */,
				35DC0DFE21F6FB3200F30416 /* .swiftlint.yml */,
			);
			path = tree;
			sourceTree = "<group>";
		};
		968D39AD37EEED1A9F7CF6F0 /* Frameworks */ = {
			isa = PBXGroup;
			children = (
				BF0163F8362378789ACC30D4 /* Pods_tree.framework */,
			);
			name = Frameworks;
			sourceTree = "<group>";
		};
		BC2656AC21FCABA300003413 /* Helper */ = {
			isa = PBXGroup;
			children = (
				BC94330121FAA94B00597B47 /* ParametersEncoder.swift */,
				BC2656A821FC91D300003413 /* NetworkError.swift */,
				BC2656AA21FCA04F00003413 /* NetworkResponse.swift */,
				BC2656AD21FCAC2200003413 /* NetworkResult.swift */,
			);
			path = Helper;
			sourceTree = "<group>";
		};
		BC4AD9F921F84D3E006B11A0 /* Model */ = {
			isa = PBXGroup;
			children = (
				BC4AD9FA21F84D4A006B11A0 /* Articles.swift */,
			);
			path = Model;
			sourceTree = "<group>";
		};
		BC4AD9FC21F8512F006B11A0 /* Network Layer */ = {
			isa = PBXGroup;
			children = (
				BC9432F521F992C600597B47 /* API */,
				BC9432F221F98C5000597B47 /* Service */,
				BC2656AC21FCABA300003413 /* Helper */,
			);
			path = "Network Layer";
			sourceTree = "<group>";
		};
		BC9432F221F98C5000597B47 /* Service */ = {
			isa = PBXGroup;
			children = (
				BC9432F021F975C900597B47 /* APIService.swift */,
				BC9432FA21F9D7E300597B47 /* APICenter.swift */,
				BC94330321FAF17400597B47 /* APIManager.swift */,
			);
			path = Service;
			sourceTree = "<group>";
		};
		BC9432F521F992C600597B47 /* API */ = {
			isa = PBXGroup;
			children = (
				BC9432F621F992F700597B47 /* EventRegistryAPI.swift */,
			);
			path = API;
			sourceTree = "<group>";
		};
		BC9432FE21FAA87D00597B47 /* Extensions */ = {
			isa = PBXGroup;
			children = (
				BC9432FF21FAA88E00597B47 /* Extension+URL.swift */,
			);
			path = Extensions;
			sourceTree = "<group>";
		};
/* End PBXGroup section */

/* Begin PBXNativeTarget section */
		35DC0DCA21F6F3C700F30416 /* tree */ = {
			isa = PBXNativeTarget;
			buildConfigurationList = 35DC0DDD21F6F3CB00F30416 /* Build configuration list for PBXNativeTarget "tree" */;
			buildPhases = (
				90162EC1EA13CEC3348C48E0 /* [CP] Check Pods Manifest.lock */,
				35DC0DC721F6F3C700F30416 /* Sources */,
				35DC0DC821F6F3C700F30416 /* Frameworks */,
				35DC0DC921F6F3C700F30416 /* Resources */,
				BC1AFAC821F6F987009E0498 /* ShellScript */,
			);
			buildRules = (
			);
			dependencies = (
			);
			name = tree;
			productName = tree;
			productReference = 35DC0DCB21F6F3C700F30416 /* tree.app */;
			productType = "com.apple.product-type.application";
		};
/* End PBXNativeTarget section */

/* Begin PBXProject section */
		35DC0DC321F6F3C700F30416 /* Project object */ = {
			isa = PBXProject;
			attributes = {
				LastSwiftUpdateCheck = 1000;
				LastUpgradeCheck = 1000;
				ORGANIZATIONNAME = gardener;
				TargetAttributes = {
					35DC0DCA21F6F3C700F30416 = {
						CreatedOnToolsVersion = 10.0;
					};
				};
			};
			buildConfigurationList = 35DC0DC621F6F3C700F30416 /* Build configuration list for PBXProject "tree" */;
			compatibilityVersion = "Xcode 9.3";
			developmentRegion = en;
			hasScannedForEncodings = 0;
			knownRegions = (
				en,
				Base,
			);
			mainGroup = 35DC0DC221F6F3C700F30416;
			productRefGroup = 35DC0DCC21F6F3C700F30416 /* Products */;
			projectDirPath = "";
			projectRoot = "";
			targets = (
				35DC0DCA21F6F3C700F30416 /* tree */,
			);
		};
/* End PBXProject section */

/* Begin PBXResourcesBuildPhase section */
		35DC0DC921F6F3C700F30416 /* Resources */ = {
			isa = PBXResourcesBuildPhase;
			buildActionMask = 2147483647;
			files = (
				35DC0DFF21F6FB3200F30416 /* .swiftlint.yml in Resources */,
				35DC0DD921F6F3CB00F30416 /* LaunchScreen.storyboard in Resources */,
				35DC0DD621F6F3CB00F30416 /* Assets.xcassets in Resources */,
				35DC0DD421F6F3C700F30416 /* Main.storyboard in Resources */,
			);
			runOnlyForDeploymentPostprocessing = 0;
		};
/* End PBXResourcesBuildPhase section */

/* Begin PBXShellScriptBuildPhase section */
		90162EC1EA13CEC3348C48E0 /* [CP] Check Pods Manifest.lock */ = {
			isa = PBXShellScriptBuildPhase;
			buildActionMask = 2147483647;
			files = (
			);
			inputFileListPaths = (
			);
			inputPaths = (
				"${PODS_PODFILE_DIR_PATH}/Podfile.lock",
				"${PODS_ROOT}/Manifest.lock",
			);
			name = "[CP] Check Pods Manifest.lock";
			outputFileListPaths = (
			);
			outputPaths = (
				"$(DERIVED_FILE_DIR)/Pods-tree-checkManifestLockResult.txt",
			);
			runOnlyForDeploymentPostprocessing = 0;
			shellPath = /bin/sh;
			shellScript = "diff \"${PODS_PODFILE_DIR_PATH}/Podfile.lock\" \"${PODS_ROOT}/Manifest.lock\" > /dev/null\nif [ $? != 0 ] ; then\n    # print error to STDERR\n    echo \"error: The sandbox is not in sync with the Podfile.lock. Run 'pod install' or update your CocoaPods installation.\" >&2\n    exit 1\nfi\n# This output is used by Xcode 'outputs' to avoid re-running this script phase.\necho \"SUCCESS\" > \"${SCRIPT_OUTPUT_FILE_0}\"\n";
			showEnvVarsInLog = 0;
		};
		BC1AFAC821F6F987009E0498 /* ShellScript */ = {
			isa = PBXShellScriptBuildPhase;
			buildActionMask = 2147483647;
			files = (
			);
			inputFileListPaths = (
			);
			inputPaths = (
			);
			outputFileListPaths = (
			);
			outputPaths = (
			);
			runOnlyForDeploymentPostprocessing = 0;
			shellPath = /bin/sh;
			shellScript = "${PODS_ROOT}/SwiftLint/swiftlint\n";
		};
/* End PBXShellScriptBuildPhase section */

/* Begin PBXSourcesBuildPhase section */
		35DC0DC721F6F3C700F30416 /* Sources */ = {
			isa = PBXSourcesBuildPhase;
			buildActionMask = 2147483647;
			files = (
				BC9432FB21F9D7E300597B47 /* APICenter.swift in Sources */,
				BC94330021FAA88E00597B47 /* Extension+URL.swift in Sources */,
				BC9432F721F992F700597B47 /* EventRegistryAPI.swift in Sources */,
				BC94330421FAF17400597B47 /* APIManager.swift in Sources */,
				BC94330221FAA94B00597B47 /* ParametersEncoder.swift in Sources */,
				BC2656AB21FCA04F00003413 /* NetworkResponse.swift in Sources */,
				BC2656AE21FCAC2200003413 /* NetworkResult.swift in Sources */,
				35DC0DD121F6F3C700F30416 /* ViewController.swift in Sources */,
				BC4AD9FB21F84D4A006B11A0 /* Articles.swift in Sources */,
				BC9432F121F975C900597B47 /* APIService.swift in Sources */,
				BC2656A921FC91D300003413 /* NetworkError.swift in Sources */,
				35DC0DCF21F6F3C700F30416 /* AppDelegate.swift in Sources */,
			);
			runOnlyForDeploymentPostprocessing = 0;
		};
/* End PBXSourcesBuildPhase section */

/* Begin PBXVariantGroup section */
		35DC0DD221F6F3C700F30416 /* Main.storyboard */ = {
			isa = PBXVariantGroup;
			children = (
				35DC0DD321F6F3C700F30416 /* Base */,
			);
			name = Main.storyboard;
			sourceTree = "<group>";
		};
		35DC0DD721F6F3CB00F30416 /* LaunchScreen.storyboard */ = {
			isa = PBXVariantGroup;
			children = (
				35DC0DD821F6F3CB00F30416 /* Base */,
			);
			name = LaunchScreen.storyboard;
			sourceTree = "<group>";
		};
/* End PBXVariantGroup section */

/* Begin XCBuildConfiguration section */
		35DC0DDB21F6F3CB00F30416 /* Debug */ = {
			isa = XCBuildConfiguration;
			buildSettings = {
				ALWAYS_SEARCH_USER_PATHS = NO;
				CLANG_ANALYZER_NONNULL = YES;
				CLANG_ANALYZER_NUMBER_OBJECT_CONVERSION = YES_AGGRESSIVE;
				CLANG_CXX_LANGUAGE_STANDARD = "gnu++14";
				CLANG_CXX_LIBRARY = "libc++";
				CLANG_ENABLE_MODULES = YES;
				CLANG_ENABLE_OBJC_ARC = YES;
				CLANG_ENABLE_OBJC_WEAK = YES;
				CLANG_WARN_BLOCK_CAPTURE_AUTORELEASING = YES;
				CLANG_WARN_BOOL_CONVERSION = YES;
				CLANG_WARN_COMMA = YES;
				CLANG_WARN_CONSTANT_CONVERSION = YES;
				CLANG_WARN_DEPRECATED_OBJC_IMPLEMENTATIONS = YES;
				CLANG_WARN_DIRECT_OBJC_ISA_USAGE = YES_ERROR;
				CLANG_WARN_DOCUMENTATION_COMMENTS = YES;
				CLANG_WARN_EMPTY_BODY = YES;
				CLANG_WARN_ENUM_CONVERSION = YES;
				CLANG_WARN_INFINITE_RECURSION = YES;
				CLANG_WARN_INT_CONVERSION = YES;
				CLANG_WARN_NON_LITERAL_NULL_CONVERSION = YES;
				CLANG_WARN_OBJC_IMPLICIT_RETAIN_SELF = YES;
				CLANG_WARN_OBJC_LITERAL_CONVERSION = YES;
				CLANG_WARN_OBJC_ROOT_CLASS = YES_ERROR;
				CLANG_WARN_RANGE_LOOP_ANALYSIS = YES;
				CLANG_WARN_STRICT_PROTOTYPES = YES;
				CLANG_WARN_SUSPICIOUS_MOVE = YES;
				CLANG_WARN_UNGUARDED_AVAILABILITY = YES_AGGRESSIVE;
				CLANG_WARN_UNREACHABLE_CODE = YES;
				CLANG_WARN__DUPLICATE_METHOD_MATCH = YES;
				CODE_SIGN_IDENTITY = "iPhone Developer";
				COPY_PHASE_STRIP = NO;
				DEBUG_INFORMATION_FORMAT = dwarf;
				ENABLE_STRICT_OBJC_MSGSEND = YES;
				ENABLE_TESTABILITY = YES;
				GCC_C_LANGUAGE_STANDARD = gnu11;
				GCC_DYNAMIC_NO_PIC = NO;
				GCC_NO_COMMON_BLOCKS = YES;
				GCC_OPTIMIZATION_LEVEL = 0;
				GCC_PREPROCESSOR_DEFINITIONS = (
					"DEBUG=1",
					"$(inherited)",
				);
				GCC_WARN_64_TO_32_BIT_CONVERSION = YES;
				GCC_WARN_ABOUT_RETURN_TYPE = YES_ERROR;
				GCC_WARN_UNDECLARED_SELECTOR = YES;
				GCC_WARN_UNINITIALIZED_AUTOS = YES_AGGRESSIVE;
				GCC_WARN_UNUSED_FUNCTION = YES;
				GCC_WARN_UNUSED_VARIABLE = YES;
				IPHONEOS_DEPLOYMENT_TARGET = 12.0;
				MTL_ENABLE_DEBUG_INFO = INCLUDE_SOURCE;
				MTL_FAST_MATH = YES;
				ONLY_ACTIVE_ARCH = YES;
				SDKROOT = iphoneos;
				SWIFT_ACTIVE_COMPILATION_CONDITIONS = DEBUG;
				SWIFT_OPTIMIZATION_LEVEL = "-Onone";
			};
			name = Debug;
		};
		35DC0DDC21F6F3CB00F30416 /* Release */ = {
			isa = XCBuildConfiguration;
			buildSettings = {
				ALWAYS_SEARCH_USER_PATHS = NO;
				CLANG_ANALYZER_NONNULL = YES;
				CLANG_ANALYZER_NUMBER_OBJECT_CONVERSION = YES_AGGRESSIVE;
				CLANG_CXX_LANGUAGE_STANDARD = "gnu++14";
				CLANG_CXX_LIBRARY = "libc++";
				CLANG_ENABLE_MODULES = YES;
				CLANG_ENABLE_OBJC_ARC = YES;
				CLANG_ENABLE_OBJC_WEAK = YES;
				CLANG_WARN_BLOCK_CAPTURE_AUTORELEASING = YES;
				CLANG_WARN_BOOL_CONVERSION = YES;
				CLANG_WARN_COMMA = YES;
				CLANG_WARN_CONSTANT_CONVERSION = YES;
				CLANG_WARN_DEPRECATED_OBJC_IMPLEMENTATIONS = YES;
				CLANG_WARN_DIRECT_OBJC_ISA_USAGE = YES_ERROR;
				CLANG_WARN_DOCUMENTATION_COMMENTS = YES;
				CLANG_WARN_EMPTY_BODY = YES;
				CLANG_WARN_ENUM_CONVERSION = YES;
				CLANG_WARN_INFINITE_RECURSION = YES;
				CLANG_WARN_INT_CONVERSION = YES;
				CLANG_WARN_NON_LITERAL_NULL_CONVERSION = YES;
				CLANG_WARN_OBJC_IMPLICIT_RETAIN_SELF = YES;
				CLANG_WARN_OBJC_LITERAL_CONVERSION = YES;
				CLANG_WARN_OBJC_ROOT_CLASS = YES_ERROR;
				CLANG_WARN_RANGE_LOOP_ANALYSIS = YES;
				CLANG_WARN_STRICT_PROTOTYPES = YES;
				CLANG_WARN_SUSPICIOUS_MOVE = YES;
				CLANG_WARN_UNGUARDED_AVAILABILITY = YES_AGGRESSIVE;
				CLANG_WARN_UNREACHABLE_CODE = YES;
				CLANG_WARN__DUPLICATE_METHOD_MATCH = YES;
				CODE_SIGN_IDENTITY = "iPhone Developer";
				COPY_PHASE_STRIP = NO;
				DEBUG_INFORMATION_FORMAT = "dwarf-with-dsym";
				ENABLE_NS_ASSERTIONS = NO;
				ENABLE_STRICT_OBJC_MSGSEND = YES;
				GCC_C_LANGUAGE_STANDARD = gnu11;
				GCC_NO_COMMON_BLOCKS = YES;
				GCC_WARN_64_TO_32_BIT_CONVERSION = YES;
				GCC_WARN_ABOUT_RETURN_TYPE = YES_ERROR;
				GCC_WARN_UNDECLARED_SELECTOR = YES;
				GCC_WARN_UNINITIALIZED_AUTOS = YES_AGGRESSIVE;
				GCC_WARN_UNUSED_FUNCTION = YES;
				GCC_WARN_UNUSED_VARIABLE = YES;
				IPHONEOS_DEPLOYMENT_TARGET = 12.0;
				MTL_ENABLE_DEBUG_INFO = NO;
				MTL_FAST_MATH = YES;
				SDKROOT = iphoneos;
				SWIFT_COMPILATION_MODE = wholemodule;
				SWIFT_OPTIMIZATION_LEVEL = "-O";
				VALIDATE_PRODUCT = YES;
			};
			name = Release;
		};
		35DC0DDE21F6F3CB00F30416 /* Debug */ = {
			isa = XCBuildConfiguration;
			baseConfigurationReference = 8965743E41477F79773392B1 /* Pods-tree.debug.xcconfig */;
			buildSettings = {
				ASSETCATALOG_COMPILER_APPICON_NAME = AppIcon;
				CODE_SIGN_STYLE = Automatic;
				DEVELOPMENT_TEAM = 86PPC52X64;
				INFOPLIST_FILE = tree/Info.plist;
				LD_RUNPATH_SEARCH_PATHS = (
					"$(inherited)",
					"@executable_path/Frameworks",
				);
				PRODUCT_BUNDLE_IDENTIFIER = com.gardener.tree;
				PRODUCT_NAME = "$(TARGET_NAME)";
				SWIFT_VERSION = 4.2;
				TARGETED_DEVICE_FAMILY = "1,2";
			};
			name = Debug;
		};
		35DC0DDF21F6F3CB00F30416 /* Release */ = {
			isa = XCBuildConfiguration;
			baseConfigurationReference = 9833F533FEAC2BBB2BE859BF /* Pods-tree.release.xcconfig */;
			buildSettings = {
				ASSETCATALOG_COMPILER_APPICON_NAME = AppIcon;
				CODE_SIGN_STYLE = Automatic;
				DEVELOPMENT_TEAM = 86PPC52X64;
				INFOPLIST_FILE = tree/Info.plist;
				LD_RUNPATH_SEARCH_PATHS = (
					"$(inherited)",
					"@executable_path/Frameworks",
				);
				PRODUCT_BUNDLE_IDENTIFIER = com.gardener.tree;
				PRODUCT_NAME = "$(TARGET_NAME)";
				SWIFT_VERSION = 4.2;
				TARGETED_DEVICE_FAMILY = "1,2";
			};
			name = Release;
		};
/* End XCBuildConfiguration section */

/* Begin XCConfigurationList section */
		35DC0DC621F6F3C700F30416 /* Build configuration list for PBXProject "tree" */ = {
			isa = XCConfigurationList;
			buildConfigurations = (
				35DC0DDB21F6F3CB00F30416 /* Debug */,
				35DC0DDC21F6F3CB00F30416 /* Release */,
			);
			defaultConfigurationIsVisible = 0;
			defaultConfigurationName = Release;
		};
		35DC0DDD21F6F3CB00F30416 /* Build configuration list for PBXNativeTarget "tree" */ = {
			isa = XCConfigurationList;
			buildConfigurations = (
				35DC0DDE21F6F3CB00F30416 /* Debug */,
				35DC0DDF21F6F3CB00F30416 /* Release */,
			);
			defaultConfigurationIsVisible = 0;
			defaultConfigurationName = Release;
		};
/* End XCConfigurationList section */
	};
	rootObject = 35DC0DC321F6F3C700F30416 /* Project object */;
}
